// !$*UTF8*$!
{
	archiveVersion = 1;
	classes = {
	};
	objectVersion = 46;
	objects = {

/* Begin PBXBuildFile section */
		043178B71E94DF50003BA585 /* AppDelegate.swift in Sources */ = {isa = PBXBuildFile; fileRef = 043178B61E94DF50003BA585 /* AppDelegate.swift */; };
		043178B91E94DF50003BA585 /* ViewController.swift in Sources */ = {isa = PBXBuildFile; fileRef = 043178B81E94DF50003BA585 /* ViewController.swift */; };
		043178BC1E94DF50003BA585 /* Main.storyboard in Resources */ = {isa = PBXBuildFile; fileRef = 043178BA1E94DF50003BA585 /* Main.storyboard */; };
		043178BE1E94DF50003BA585 /* Assets.xcassets in Resources */ = {isa = PBXBuildFile; fileRef = 043178BD1E94DF50003BA585 /* Assets.xcassets */; };
		043178C11E94DF50003BA585 /* LaunchScreen.storyboard in Resources */ = {isa = PBXBuildFile; fileRef = 043178BF1E94DF50003BA585 /* LaunchScreen.storyboard */; };
		043178CC1E94DF51003BA585 /* VideoPlayerTests.swift in Sources */ = {isa = PBXBuildFile; fileRef = 043178CB1E94DF51003BA585 /* VideoPlayerTests.swift */; };
		043178D71E94DF51003BA585 /* VideoPlayerUITests.swift in Sources */ = {isa = PBXBuildFile; fileRef = 043178D61E94DF51003BA585 /* VideoPlayerUITests.swift */; };
/* End PBXBuildFile section */

/* Begin PBXContainerItemProxy section */
		043178C81E94DF51003BA585 /* PBXContainerItemProxy */ = {
			isa = PBXContainerItemProxy;
			containerPortal = 043178AB1E94DF50003BA585 /* Project object */;
			proxyType = 1;
			remoteGlobalIDString = 043178B21E94DF50003BA585;
			remoteInfo = VideoPlayer;
		};
		043178D31E94DF51003BA585 /* PBXContainerItemProxy */ = {
			isa = PBXContainerItemProxy;
			containerPortal = 043178AB1E94DF50003BA585 /* Project object */;
			proxyType = 1;
			remoteGlobalIDString = 043178B21E94DF50003BA585;
			remoteInfo = VideoPlayer;
		};
/* End PBXContainerItemProxy section */

/* Begin PBXFileReference section */
		043178B31E94DF50003BA585 /* VideoPlayer.app */ = {isa = PBXFileReference; explicitFileType = wrapper.application; includeInIndex = 0; path = VideoPlayer.app; sourceTree = BUILT_PRODUCTS_DIR; };
		043178B61E94DF50003BA585 /* AppDelegate.swift */ = {isa = PBXFileReference; lastKnownFileType = sourcecode.swift; path = AppDelegate.swift; sourceTree = "<group>"; };
		043178B81E94DF50003BA585 /* ViewController.swift */ = {isa = PBXFileReference; lastKnownFileType = sourcecode.swift; path = ViewController.swift; sourceTree = "<group>"; };
		043178BB1E94DF50003BA585 /* Base */ = {isa = PBXFileReference; lastKnownFileType = file.storyboard; name = Base; path = Base.lproj/Main.storyboard; sourceTree = "<group>"; };
		043178BD1E94DF50003BA585 /* Assets.xcassets */ = {isa = PBXFileReference; lastKnownFileType = folder.assetcatalog; path = Assets.xcassets; sourceTree = "<group>"; };
		043178C01E94DF50003BA585 /* Base */ = {isa = PBXFileReference; lastKnownFileType = file.storyboard; name = Base; path = Base.lproj/LaunchScreen.storyboard; sourceTree = "<group>"; };
		043178C21E94DF50003BA585 /* Info.plist */ = {isa = PBXFileReference; lastKnownFileType = text.plist.xml; path = Info.plist; sourceTree = "<group>"; };
		043178C71E94DF51003BA585 /* VideoPlayerTests.xctest */ = {isa = PBXFileReference; explicitFileType = wrapper.cfbundle; includeInIndex = 0; path = VideoPlayerTests.xctest; sourceTree = BUILT_PRODUCTS_DIR; };
		043178CB1E94DF51003BA585 /* VideoPlayerTests.swift */ = {isa = PBXFileReference; lastKnownFileType = sourcecode.swift; path = VideoPlayerTests.swift; sourceTree = "<group>"; };
		043178CD1E94DF51003BA585 /* Info.plist */ = {isa = PBXFileReference; lastKnownFileType = text.plist.xml; path = Info.plist; sourceTree = "<group>"; };
		043178D21E94DF51003BA585 /* VideoPlayerUITests.xctest */ = {isa = PBXFileReference; explicitFileType = wrapper.cfbundle; includeInIndex = 0; path = VideoPlayerUITests.xctest; sourceTree = BUILT_PRODUCTS_DIR; };
		043178D61E94DF51003BA585 /* VideoPlayerUITests.swift */ = {isa = PBXFileReference; lastKnownFileType = sourcecode.swift; path = VideoPlayerUITests.swift; sourceTree = "<group>"; };
		043178D81E94DF51003BA585 /* Info.plist */ = {isa = PBXFileReference; lastKnownFileType = text.plist.xml; path = Info.plist; sourceTree = "<group>"; };
/* End PBXFileReference section */

/* Begin PBXFrameworksBuildPhase section */
		043178B01E94DF50003BA585 /* Frameworks */ = {
			isa = PBXFrameworksBuildPhase;
			buildActionMask = 2147483647;
			files = (
			);
			runOnlyForDeploymentPostprocessing = 0;
		};
		043178C41E94DF51003BA585 /* Frameworks */ = {
			isa = PBXFrameworksBuildPhase;
			buildActionMask = 2147483647;
			files = (
			);
			runOnlyForDeploymentPostprocessing = 0;
		};
		043178CF1E94DF51003BA585 /* Frameworks */ = {
			isa = PBXFrameworksBuildPhase;
			buildActionMask = 2147483647;
			files = (
			);
			runOnlyForDeploymentPostprocessing = 0;
		};
/* End PBXFrameworksBuildPhase section */

/* Begin PBXGroup section */
		043178AA1E94DF50003BA585 = {
			isa = PBXGroup;
			children = (
				043178B51E94DF50003BA585 /* VideoPlayer */,
				043178CA1E94DF51003BA585 /* VideoPlayerTests */,
				043178D51E94DF51003BA585 /* VideoPlayerUITests */,
				043178B41E94DF50003BA585 /* Products */,
			);
			sourceTree = "<group>";
		};
		043178B41E94DF50003BA585 /* Products */ = {
			isa = PBXGroup;
			children = (
				043178B31E94DF50003BA585 /* VideoPlayer.app */,
				043178C71E94DF51003BA585 /* VideoPlayerTests.xctest */,
				043178D21E94DF51003BA585 /* VideoPlayerUITests.xctest */,
			);
			name = Products;
			sourceTree = "<group>";
		};
		043178B51E94DF50003BA585 /* VideoPlayer */ = {
			isa = PBXGroup;
			children = (
				043178B61E94DF50003BA585 /* AppDelegate.swift */,
				043178B81E94DF50003BA585 /* ViewController.swift */,
				043178BA1E94DF50003BA585 /* Main.storyboard */,
				043178BD1E94DF50003BA585 /* Assets.xcassets */,
				043178BF1E94DF50003BA585 /* LaunchScreen.storyboard */,
				043178C21E94DF50003BA585 /* Info.plist */,
			);
			path = VideoPlayer;
			sourceTree = "<group>";
		};
		043178CA1E94DF51003BA585 /* VideoPlayerTests */ = {
			isa = PBXGroup;
			children = (
				043178CB1E94DF51003BA585 /* VideoPlayerTests.swift */,
				043178CD1E94DF51003BA585 /* Info.plist */,
			);
			path = VideoPlayerTests;
			sourceTree = "<group>";
		};
		043178D51E94DF51003BA585 /* VideoPlayerUITests */ = {
			isa = PBXGroup;
			children = (
				043178D61E94DF51003BA585 /* VideoPlayerUITests.swift */,
				043178D81E94DF51003BA585 /* Info.plist */,
			);
			path = VideoPlayerUITests;
			sourceTree = "<group>";
		};
/* End PBXGroup section */

/* Begin PBXNativeTarget section */
		043178B21E94DF50003BA585 /* VideoPlayer */ = {
			isa = PBXNativeTarget;
			buildConfigurationList = 043178DB1E94DF51003BA585 /* Build configuration list for PBXNativeTarget "VideoPlayer" */;
			buildPhases = (
				043178AF1E94DF50003BA585 /* Sources */,
				043178B01E94DF50003BA585 /* Frameworks */,
				043178B11E94DF50003BA585 /* Resources */,
			);
			buildRules = (
			);
			dependencies = (
			);
			name = VideoPlayer;
			productName = VideoPlayer;
			productReference = 043178B31E94DF50003BA585 /* VideoPlayer.app */;
			productType = "com.apple.product-type.application";
		};
		043178C61E94DF51003BA585 /* VideoPlayerTests */ = {
			isa = PBXNativeTarget;
			buildConfigurationList = 043178DE1E94DF51003BA585 /* Build configuration list for PBXNativeTarget "VideoPlayerTests" */;
			buildPhases = (
				043178C31E94DF51003BA585 /* Sources */,
				043178C41E94DF51003BA585 /* Frameworks */,
				043178C51E94DF51003BA585 /* Resources */,
			);
			buildRules = (
			);
			dependencies = (
				043178C91E94DF51003BA585 /* PBXTargetDependency */,
			);
			name = VideoPlayerTests;
			productName = VideoPlayerTests;
			productReference = 043178C71E94DF51003BA585 /* VideoPlayerTests.xctest */;
			productType = "com.apple.product-type.bundle.unit-test";
		};
		043178D11E94DF51003BA585 /* VideoPlayerUITests */ = {
			isa = PBXNativeTarget;
			buildConfigurationList = 043178E11E94DF51003BA585 /* Build configuration list for PBXNativeTarget "VideoPlayerUITests" */;
			buildPhases = (
				043178CE1E94DF51003BA585 /* Sources */,
				043178CF1E94DF51003BA585 /* Frameworks */,
				043178D01E94DF51003BA585 /* Resources */,
			);
			buildRules = (
			);
			dependencies = (
				043178D41E94DF51003BA585 /* PBXTargetDependency */,
			);
			name = VideoPlayerUITests;
			productName = VideoPlayerUITests;
			productReference = 043178D21E94DF51003BA585 /* VideoPlayerUITests.xctest */;
			productType = "com.apple.product-type.bundle.ui-testing";
		};
/* End PBXNativeTarget section */

/* Begin PBXProject section */
		043178AB1E94DF50003BA585 /* Project object */ = {
			isa = PBXProject;
			attributes = {
				LastSwiftUpdateCheck = 0820;
				LastUpgradeCheck = 0820;
				ORGANIZATIONNAME = mac;
				TargetAttributes = {
					043178B21E94DF50003BA585 = {
						CreatedOnToolsVersion = 8.2.1;
						DevelopmentTeam = 3YR7CL6SMV;
						ProvisioningStyle = Automatic;
					};
					043178C61E94DF51003BA585 = {
						CreatedOnToolsVersion = 8.2.1;
						DevelopmentTeam = 3YR7CL6SMV;
						ProvisioningStyle = Automatic;
						TestTargetID = 043178B21E94DF50003BA585;
					};
					043178D11E94DF51003BA585 = {
						CreatedOnToolsVersion = 8.2.1;
						DevelopmentTeam = 3YR7CL6SMV;
						ProvisioningStyle = Automatic;
						TestTargetID = 043178B21E94DF50003BA585;
					};
				};
			};
			buildConfigurationList = 043178AE1E94DF50003BA585 /* Build configuration list for PBXProject "VideoPlayer" */;
			compatibilityVersion = "Xcode 3.2";
			developmentRegion = English;
			hasScannedForEncodings = 0;
			knownRegions = (
				en,
				Base,
			);
			mainGroup = 043178AA1E94DF50003BA585;
			productRefGroup = 043178B41E94DF50003BA585 /* Products */;
			projectDirPath = "";
			projectRoot = "";
			targets = (
				043178B21E94DF50003BA585 /* VideoPlayer */,
				043178C61E94DF51003BA585 /* VideoPlayerTests */,
				043178D11E94DF51003BA585 /* VideoPlayerUITests */,
			);
		};
/* End PBXProject section */

/* Begin PBXResourcesBuildPhase section */
		043178B11E94DF50003BA585 /* Resources */ = {
			isa = PBXResourcesBuildPhase;
			buildActionMask = 2147483647;
			files = (
				043178C11E94DF50003BA585 /* LaunchScreen.storyboard in Resources */,
				043178BE1E94DF50003BA585 /* Assets.xcassets in Resources */,
				043178BC1E94DF50003BA585 /* Main.storyboard in Resources */,
			);
			runOnlyForDeploymentPostprocessing = 0;
		};
		043178C51E94DF51003BA585 /* Resources */ = {
			isa = PBXResourcesBuildPhase;
			buildActionMask = 2147483647;
			files = (
			);
			runOnlyForDeploymentPostprocessing = 0;
		};
		043178D01E94DF51003BA585 /* Resources */ = {
			isa = PBXResourcesBuildPhase;
			buildActionMask = 2147483647;
			files = (
			);
			runOnlyForDeploymentPostprocessing = 0;
		};
/* End PBXResourcesBuildPhase section */

/* Begin PBXSourcesBuildPhase section */
		043178AF1E94DF50003BA585 /* Sources */ = {
			isa = PBXSourcesBuildPhase;
			buildActionMask = 2147483647;
			files = (
				043178B91E94DF50003BA585 /* ViewController.swift in Sources */,
				043178B71E94DF50003BA585 /* AppDelegate.swift in Sources */,
			);
			runOnlyForDeploymentPostprocessing = 0;
		};
		043178C31E94DF51003BA585 /* Sources */ = {
			isa = PBXSourcesBuildPhase;
			buildActionMask = 2147483647;
			files = (
				043178CC1E94DF51003BA585 /* VideoPlayerTests.swift in Sources */,
			);
			runOnlyForDeploymentPostprocessing = 0;
		};
		043178CE1E94DF51003BA585 /* Sources */ = {
			isa = PBXSourcesBuildPhase;
			buildActionMask = 2147483647;
			files = (
				043178D71E94DF51003BA585 /* VideoPlayerUITests.swift in Sources */,
			);
			runOnlyForDeploymentPostprocessing = 0;
		};
/* End PBXSourcesBuildPhase section */

/* Begin PBXTargetDependency section */
		043178C91E94DF51003BA585 /* PBXTargetDependency */ = {
			isa = PBXTargetDependency;
			target = 043178B21E94DF50003BA585 /* VideoPlayer */;
			targetProxy = 043178C81E94DF51003BA585 /* PBXContainerItemProxy */;
		};
		043178D41E94DF51003BA585 /* PBXTargetDependency */ = {
			isa = PBXTargetDependency;
			target = 043178B21E94DF50003BA585 /* VideoPlayer */;
			targetProxy = 043178D31E94DF51003BA585 /* PBXContainerItemProxy */;
		};
/* End PBXTargetDependency section */

/* Begin PBXVariantGroup section */
		043178BA1E94DF50003BA585 /* Main.storyboard */ = {
			isa = PBXVariantGroup;
			children = (
				043178BB1E94DF50003BA585 /* Base */,
			);
			name = Main.storyboard;
			sourceTree = "<group>";
		};
		043178BF1E94DF50003BA585 /* LaunchScreen.storyboard */ = {
			isa = PBXVariantGroup;
			children = (
				043178C01E94DF50003BA585 /* Base */,
			);
			name = LaunchScreen.storyboard;
			sourceTree = "<group>";
		};
/* End PBXVariantGroup section */

/* Begin XCBuildConfiguration section */
		043178D91E94DF51003BA585 /* Debug */ = {
			isa = XCBuildConfiguration;
			buildSettings = {
				ALWAYS_SEARCH_USER_PATHS = NO;
				CLANG_ANALYZER_NONNULL = YES;
				CLANG_CXX_LANGUAGE_STANDARD = "gnu++0x";
				CLANG_CXX_LIBRARY = "libc++";
				CLANG_ENABLE_MODULES = YES;
				CLANG_ENABLE_OBJC_ARC = YES;
				CLANG_WARN_BOOL_CONVERSION = YES;
				CLANG_WARN_CONSTANT_CONVERSION = YES;
				CLANG_WARN_DIRECT_OBJC_ISA_USAGE = YES_ERROR;
				CLANG_WARN_DOCUMENTATION_COMMENTS = YES;
				CLANG_WARN_EMPTY_BODY = YES;
				CLANG_WARN_ENUM_CONVERSION = YES;
				CLANG_WARN_INFINITE_RECURSION = YES;
				CLANG_WARN_INT_CONVERSION = YES;
				CLANG_WARN_OBJC_ROOT_CLASS = YES_ERROR;
				CLANG_WARN_SUSPICIOUS_MOVE = YES;
				CLANG_WARN_UNREACHABLE_CODE = YES;
				CLANG_WARN__DUPLICATE_METHOD_MATCH = YES;
				"CODE_SIGN_IDENTITY[sdk=iphoneos*]" = "iPhone Developer";
				COPY_PHASE_STRIP = NO;
				DEBUG_INFORMATION_FORMAT = dwarf;
				ENABLE_STRICT_OBJC_MSGSEND = YES;
				ENABLE_TESTABILITY = YES;
				GCC_C_LANGUAGE_STANDARD = gnu99;
				GCC_DYNAMIC_NO_PIC = NO;
				GCC_NO_COMMON_BLOCKS = YES;
				GCC_OPTIMIZATION_LEVEL = 0;
				GCC_PREPROCESSOR_DEFINITIONS = (
					"DEBUG=1",
					"$(inherited)",
				);
				GCC_WARN_64_TO_32_BIT_CONVERSION = YES;
				GCC_WARN_ABOUT_RETURN_TYPE = YES_ERROR;
				GCC_WARN_UNDECLARED_SELECTOR = YES;
				GCC_WARN_UNINITIALIZED_AUTOS = YES_AGGRESSIVE;
				GCC_WARN_UNUSED_FUNCTION = YES;
				GCC_WARN_UNUSED_VARIABLE = YES;
				IPHONEOS_DEPLOYMENT_TARGET = 10.2;
				MTL_ENABLE_DEBUG_INFO = YES;
				ONLY_ACTIVE_ARCH = YES;
				SDKROOT = iphoneos;
				SWIFT_ACTIVE_COMPILATION_CONDITIONS = DEBUG;
				SWIFT_OPTIMIZATION_LEVEL = "-Onone";
			};
			name = Debug;
		};
		043178DA1E94DF51003BA585 /* Release */ = {
			isa = XCBuildConfiguration;
			buildSettings = {
				ALWAYS_SEARCH_USER_PATHS = NO;
				CLANG_ANALYZER_NONNULL = YES;
				CLANG_CXX_LANGUAGE_STANDARD = "gnu++0x";
				CLANG_CXX_LIBRARY = "libc++";
				CLANG_ENABLE_MODULES = YES;
				CLANG_ENABLE_OBJC_ARC = YES;
				CLANG_WARN_BOOL_CONVERSION = YES;
				CLANG_WARN_CONSTANT_CONVERSION = YES;
				CLANG_WARN_DIRECT_OBJC_ISA_USAGE = YES_ERROR;
				CLANG_WARN_DOCUMENTATION_COMMENTS = YES;
				CLANG_WARN_EMPTY_BODY = YES;
				CLANG_WARN_ENUM_CONVERSION = YES;
				CLANG_WARN_INFINITE_RECURSION = YES;
				CLANG_WARN_INT_CONVERSION = YES;
				CLANG_WARN_OBJC_ROOT_CLASS = YES_ERROR;
				CLANG_WARN_SUSPICIOUS_MOVE = YES;
				CLANG_WARN_UNREACHABLE_CODE = YES;
				CLANG_WARN__DUPLICATE_METHOD_MATCH = YES;
				"CODE_SIGN_IDENTITY[sdk=iphoneos*]" = "iPhone Developer";
				COPY_PHASE_STRIP = NO;
				DEBUG_INFORMATION_FORMAT = "dwarf-with-dsym";
				ENABLE_NS_ASSERTIONS = NO;
				ENABLE_STRICT_OBJC_MSGSEND = YES;
				GCC_C_LANGUAGE_STANDARD = gnu99;
				GCC_NO_COMMON_BLOCKS = YES;
				GCC_WARN_64_TO_32_BIT_CONVERSION = YES;
				GCC_WARN_ABOUT_RETURN_TYPE = YES_ERROR;
				GCC_WARN_UNDECLARED_SELECTOR = YES;
				GCC_WARN_UNINITIALIZED_AUTOS = YES_AGGRESSIVE;
				GCC_WARN_UNUSED_FUNCTION = YES;
				GCC_WARN_UNUSED_VARIABLE = YES;
				IPHONEOS_DEPLOYMENT_TARGET = 10.2;
				MTL_ENABLE_DEBUG_INFO = NO;
				SDKROOT = iphoneos;
				SWIFT_OPTIMIZATION_LEVEL = "-Owholemodule";
				VALIDATE_PRODUCT = YES;
			};
			name = Release;
		};
		043178DC1E94DF51003BA585 /* Debug */ = {
			isa = XCBuildConfiguration;
			buildSettings = {
				ASSETCATALOG_COMPILER_APPICON_NAME = AppIcon;
				DEVELOPMENT_TEAM = 3YR7CL6SMV;
				INFOPLIST_FILE = VideoPlayer/Info.plist;
				LD_RUNPATH_SEARCH_PATHS = "$(inherited) @executable_path/Frameworks";
				PRODUCT_BUNDLE_IDENTIFIER = kaideyi.com.VideoPlayer;
				PRODUCT_NAME = "$(TARGET_NAME)";
				SWIFT_VERSION = 3.0;
			};
			name = Debug;
		};
		043178DD1E94DF51003BA585 /* Release */ = {
			isa = XCBuildConfiguration;
			buildSettings = {
				ASSETCATALOG_COMPILER_APPICON_NAME = AppIcon;
				DEVELOPMENT_TEAM = 3YR7CL6SMV;
				INFOPLIST_FILE = VideoPlayer/Info.plist;
				LD_RUNPATH_SEARCH_PATHS = "$(inherited) @executable_path/Frameworks";
				PRODUCT_BUNDLE_IDENTIFIER = kaideyi.com.VideoPlayer;
				PRODUCT_NAME = "$(TARGET_NAME)";
				SWIFT_VERSION = 3.0;
			};
			name = Release;
		};
		043178DF1E94DF51003BA585 /* Debug */ = {
			isa = XCBuildConfiguration;
			buildSettings = {
				ALWAYS_EMBED_SWIFT_STANDARD_LIBRARIES = YES;
				BUNDLE_LOADER = "$(TEST_HOST)";
				DEVELOPMENT_TEAM = 3YR7CL6SMV;
				INFOPLIST_FILE = VideoPlayerTests/Info.plist;
				LD_RUNPATH_SEARCH_PATHS = "$(inherited) @executable_path/Frameworks @loader_path/Frameworks";
				PRODUCT_BUNDLE_IDENTIFIER = kaideyi.com.VideoPlayerTests;
				PRODUCT_NAME = "$(TARGET_NAME)";
				SWIFT_VERSION = 3.0;
				TEST_HOST = "$(BUILT_PRODUCTS_DIR)/VideoPlayer.app/VideoPlayer";
			};
			name = Debug;
		};
		043178E01E94DF51003BA585 /* Release */ = {
			isa = XCBuildConfiguration;
			buildSettings = {
				ALWAYS_EMBED_SWIFT_STANDARD_LIBRARIES = YES;
				BUNDLE_LOADER = "$(TEST_HOST)";
				DEVELOPMENT_TEAM = 3YR7CL6SMV;
				INFOPLIST_FILE = VideoPlayerTests/Info.plist;
				LD_RUNPATH_SEARCH_PATHS = "$(inherited) @executable_path/Frameworks @loader_path/Frameworks";
				PRODUCT_BUNDLE_IDENTIFIER = kaideyi.com.VideoPlayerTests;
				PRODUCT_NAME = "$(TARGET_NAME)";
				SWIFT_VERSION = 3.0;
				TEST_HOST = "$(BUILT_PRODUCTS_DIR)/VideoPlayer.app/VideoPlayer";
			};
			name = Release;
		};
		043178E21E94DF51003BA585 /* Debug */ = {
			isa = XCBuildConfiguration;
			buildSettings = {
				ALWAYS_EMBED_SWIFT_STANDARD_LIBRARIES = YES;
				DEVELOPMENT_TEAM = 3YR7CL6SMV;
				INFOPLIST_FILE = VideoPlayerUITests/Info.plist;
				LD_RUNPATH_SEARCH_PATHS = "$(inherited) @executable_path/Frameworks @loader_path/Frameworks";
				PRODUCT_BUNDLE_IDENTIFIER = kaideyi.com.VideoPlayerUITests;
				PRODUCT_NAME = "$(TARGET_NAME)";
				SWIFT_VERSION = 3.0;
				TEST_TARGET_NAME = VideoPlayer;
			};
			name = Debug;
		};
		043178E31E94DF51003BA585 /* Release */ = {
			isa = XCBuildConfiguration;
			buildSettings = {
				ALWAYS_EMBED_SWIFT_STANDARD_LIBRARIES = YES;
				DEVELOPMENT_TEAM = 3YR7CL6SMV;
				INFOPLIST_FILE = VideoPlayerUITests/Info.plist;
				LD_RUNPATH_SEARCH_PATHS = "$(inherited) @executable_path/Frameworks @loader_path/Frameworks";
				PRODUCT_BUNDLE_IDENTIFIER = kaideyi.com.VideoPlayerUITests;
				PRODUCT_NAME = "$(TARGET_NAME)";
				SWIFT_VERSION = 3.0;
				TEST_TARGET_NAME = VideoPlayer;
			};
			name = Release;
		};
/* End XCBuildConfiguration section */

/* Begin XCConfigurationList section */
		043178AE1E94DF50003BA585 /* Build configuration list for PBXProject "VideoPlayer" */ = {
			isa = XCConfigurationList;
			buildConfigurations = (
				043178D91E94DF51003BA585 /* Debug */,
				043178DA1E94DF51003BA585 /* Release */,
			);
			defaultConfigurationIsVisible = 0;
			defaultConfigurationName = Release;
		};
		043178DB1E94DF51003BA585 /* Build configuration list for PBXNativeTarget "VideoPlayer" */ = {
			isa = XCConfigurationList;
			buildConfigurations = (
				043178DC1E94DF51003BA585 /* Debug */,
				043178DD1E94DF51003BA585 /* Release */,
			);
			defaultConfigurationIsVisible = 0;
		};
		043178DE1E94DF51003BA585 /* Build configuration list for PBXNativeTarget "VideoPlayerTests" */ = {
			isa = XCConfigurationList;
			buildConfigurations = (
				043178DF1E94DF51003BA585 /* Debug */,
				043178E01E94DF51003BA585 /* Release */,
			);
			defaultConfigurationIsVisible = 0;
		};
		043178E11E94DF51003BA585 /* Build configuration list for PBXNativeTarget "VideoPlayerUITests" */ = {
			isa = XCConfigurationList;
			buildConfigurations = (
				043178E21E94DF51003BA585 /* Debug */,
				043178E31E94DF51003BA585 /* Release */,
			);
			defaultConfigurationIsVisible = 0;
		};
/* End XCConfigurationList section */
	};
	rootObject = 043178AB1E94DF50003BA585 /* Project object */;
}
