// !$*UTF8*$!
{
	archiveVersion = 1;
	classes = {
	};
	objectVersion = 48;
	objects = {

/* Begin PBXBuildFile section */
		9530040B1FEA0CB2002A44E5 /* KYForm.m in Sources */ = {isa = PBXBuildFile; fileRef = 9530040A1FEA0CB2002A44E5 /* KYForm.m */; };
		953004201FEA3254002A44E5 /* KYFormRowObject.m in Sources */ = {isa = PBXBuildFile; fileRef = 9530041B1FEA3254002A44E5 /* KYFormRowObject.m */; };
		953004211FEA3254002A44E5 /* KYFormSectionObject.m in Sources */ = {isa = PBXBuildFile; fileRef = 9530041D1FEA3254002A44E5 /* KYFormSectionObject.m */; };
		958A28621FE796C20071EACE /* AppDelegate.m in Sources */ = {isa = PBXBuildFile; fileRef = 958A28611FE796C20071EACE /* AppDelegate.m */; };
		958A28681FE796C20071EACE /* Main.storyboard in Resources */ = {isa = PBXBuildFile; fileRef = 958A28661FE796C20071EACE /* Main.storyboard */; };
		958A286A1FE796C20071EACE /* Assets.xcassets in Resources */ = {isa = PBXBuildFile; fileRef = 958A28691FE796C20071EACE /* Assets.xcassets */; };
		958A286D1FE796C20071EACE /* LaunchScreen.storyboard in Resources */ = {isa = PBXBuildFile; fileRef = 958A286B1FE796C20071EACE /* LaunchScreen.storyboard */; };
		958A28701FE796C20071EACE /* main.m in Sources */ = {isa = PBXBuildFile; fileRef = 958A286F1FE796C20071EACE /* main.m */; };
		958A28811FE7AED60071EACE /* KYFormViewController.m in Sources */ = {isa = PBXBuildFile; fileRef = 958A28801FE7AED60071EACE /* KYFormViewController.m */; };
		95A412881FEA395500BF3DFF /* KYFormObject.m in Sources */ = {isa = PBXBuildFile; fileRef = 95A412871FEA395500BF3DFF /* KYFormObject.m */; };
		95A4128B1FEA3CFC00BF3DFF /* KYFormBaseCell.m in Sources */ = {isa = PBXBuildFile; fileRef = 95A4128A1FEA3CFC00BF3DFF /* KYFormBaseCell.m */; };
		95A4128E1FEA3D2800BF3DFF /* KYFormDateCell.m in Sources */ = {isa = PBXBuildFile; fileRef = 95A4128D1FEA3D2800BF3DFF /* KYFormDateCell.m */; };
		95A412911FEA3D6800BF3DFF /* KYFormImageCell.m in Sources */ = {isa = PBXBuildFile; fileRef = 95A412901FEA3D6800BF3DFF /* KYFormImageCell.m */; };
		95A412941FEA42C900BF3DFF /* KYFormSwitchCell.m in Sources */ = {isa = PBXBuildFile; fileRef = 95A412931FEA42C900BF3DFF /* KYFormSwitchCell.m */; };
		95A4129A1FEA42FF00BF3DFF /* KYFormPickViewCell.m in Sources */ = {isa = PBXBuildFile; fileRef = 95A412991FEA42FF00BF3DFF /* KYFormPickViewCell.m */; };
		95A4129E1FEB8C1000BF3DFF /* ViewController.m in Sources */ = {isa = PBXBuildFile; fileRef = 95A4129D1FEB8C0F00BF3DFF /* ViewController.m */; };
		95A412A41FEB8D2600BF3DFF /* KYFormTextFieldCell.m in Sources */ = {isa = PBXBuildFile; fileRef = 95A412A31FEB8D2600BF3DFF /* KYFormTextFieldCell.m */; };
		95A412A71FEB8FEE00BF3DFF /* KYFormTextViewCell.m in Sources */ = {isa = PBXBuildFile; fileRef = 95A412A61FEB8FEE00BF3DFF /* KYFormTextViewCell.m */; };
		95A412AC1FEB9ADF00BF3DFF /* FormRowModel.m in Sources */ = {isa = PBXBuildFile; fileRef = 95A412AB1FEB9ADF00BF3DFF /* FormRowModel.m */; };
		95A412AF1FEB9AEB00BF3DFF /* FormSectionModel.m in Sources */ = {isa = PBXBuildFile; fileRef = 95A412AE1FEB9AEB00BF3DFF /* FormSectionModel.m */; };
		95A412B11FEB9C7F00BF3DFF /* personal.json in Resources */ = {isa = PBXBuildFile; fileRef = 95A412B01FEB9C7F00BF3DFF /* personal.json */; };
		95A413C21FEBA2B200BF3DFF /* NSObject+YYModel.m in Sources */ = {isa = PBXBuildFile; fileRef = 95A413BF1FEBA2B200BF3DFF /* NSObject+YYModel.m */; settings = {COMPILER_FLAGS = "-fno-objc-arc"; }; };
		95A413C31FEBA2B200BF3DFF /* YYClassInfo.m in Sources */ = {isa = PBXBuildFile; fileRef = 95A413C11FEBA2B200BF3DFF /* YYClassInfo.m */; };
		95A413C61FEBA8B400BF3DFF /* PersonalViewController.m in Sources */ = {isa = PBXBuildFile; fileRef = 95A413C51FEBA8B400BF3DFF /* PersonalViewController.m */; };
		95A413C91FEBA8E600BF3DFF /* SetttingViewController.m in Sources */ = {isa = PBXBuildFile; fileRef = 95A413C81FEBA8E600BF3DFF /* SetttingViewController.m */; };
		95A413CC1FEBAB7A00BF3DFF /* LoanViewController.m in Sources */ = {isa = PBXBuildFile; fileRef = 95A413CB1FEBAB7A00BF3DFF /* LoanViewController.m */; };
		95A413D11FECD51200BF3DFF /* UIColor+Extensions.m in Sources */ = {isa = PBXBuildFile; fileRef = 95A413D01FECD51200BF3DFF /* UIColor+Extensions.m */; };
		95A413D41FECE1D300BF3DFF /* KYFormTextFeildController.m in Sources */ = {isa = PBXBuildFile; fileRef = 95A413D31FECE1D300BF3DFF /* KYFormTextFeildController.m */; };
/* End PBXBuildFile section */

/* Begin PBXFileReference section */
		953004091FEA0CB2002A44E5 /* KYForm.h */ = {isa = PBXFileReference; lastKnownFileType = sourcecode.c.h; path = KYForm.h; sourceTree = "<group>"; };
		9530040A1FEA0CB2002A44E5 /* KYForm.m */ = {isa = PBXFileReference; lastKnownFileType = sourcecode.c.objc; path = KYForm.m; sourceTree = "<group>"; };
		9530041A1FEA3254002A44E5 /* KYFormRowObject.h */ = {isa = PBXFileReference; fileEncoding = 4; lastKnownFileType = sourcecode.c.h; path = KYFormRowObject.h; sourceTree = "<group>"; };
		9530041B1FEA3254002A44E5 /* KYFormRowObject.m */ = {isa = PBXFileReference; fileEncoding = 4; lastKnownFileType = sourcecode.c.objc; path = KYFormRowObject.m; sourceTree = "<group>"; };
		9530041C1FEA3254002A44E5 /* KYFormSectionObject.h */ = {isa = PBXFileReference; fileEncoding = 4; lastKnownFileType = sourcecode.c.h; path = KYFormSectionObject.h; sourceTree = "<group>"; };
		9530041D1FEA3254002A44E5 /* KYFormSectionObject.m */ = {isa = PBXFileReference; fileEncoding = 4; lastKnownFileType = sourcecode.c.objc; path = KYFormSectionObject.m; sourceTree = "<group>"; };
		958A285D1FE796C20071EACE /* KYForm.app */ = {isa = PBXFileReference; explicitFileType = wrapper.application; includeInIndex = 0; path = KYForm.app; sourceTree = BUILT_PRODUCTS_DIR; };
		958A28601FE796C20071EACE /* AppDelegate.h */ = {isa = PBXFileReference; lastKnownFileType = sourcecode.c.h; path = AppDelegate.h; sourceTree = "<group>"; };
		958A28611FE796C20071EACE /* AppDelegate.m */ = {isa = PBXFileReference; lastKnownFileType = sourcecode.c.objc; path = AppDelegate.m; sourceTree = "<group>"; };
		958A28671FE796C20071EACE /* Base */ = {isa = PBXFileReference; lastKnownFileType = file.storyboard; name = Base; path = Base.lproj/Main.storyboard; sourceTree = "<group>"; };
		958A28691FE796C20071EACE /* Assets.xcassets */ = {isa = PBXFileReference; lastKnownFileType = folder.assetcatalog; path = Assets.xcassets; sourceTree = "<group>"; };
		958A286C1FE796C20071EACE /* Base */ = {isa = PBXFileReference; lastKnownFileType = file.storyboard; name = Base; path = Base.lproj/LaunchScreen.storyboard; sourceTree = "<group>"; };
		958A286E1FE796C20071EACE /* Info.plist */ = {isa = PBXFileReference; lastKnownFileType = text.plist.xml; path = Info.plist; sourceTree = "<group>"; };
		958A286F1FE796C20071EACE /* main.m */ = {isa = PBXFileReference; lastKnownFileType = sourcecode.c.objc; path = main.m; sourceTree = "<group>"; };
		958A287F1FE7AED60071EACE /* KYFormViewController.h */ = {isa = PBXFileReference; lastKnownFileType = sourcecode.c.h; path = KYFormViewController.h; sourceTree = "<group>"; };
		958A28801FE7AED60071EACE /* KYFormViewController.m */ = {isa = PBXFileReference; lastKnownFileType = sourcecode.c.objc; path = KYFormViewController.m; sourceTree = "<group>"; };
		95A412861FEA395500BF3DFF /* KYFormObject.h */ = {isa = PBXFileReference; lastKnownFileType = sourcecode.c.h; path = KYFormObject.h; sourceTree = "<group>"; };
		95A412871FEA395500BF3DFF /* KYFormObject.m */ = {isa = PBXFileReference; lastKnownFileType = sourcecode.c.objc; path = KYFormObject.m; sourceTree = "<group>"; };
		95A412891FEA3CFC00BF3DFF /* KYFormBaseCell.h */ = {isa = PBXFileReference; lastKnownFileType = sourcecode.c.h; path = KYFormBaseCell.h; sourceTree = "<group>"; };
		95A4128A1FEA3CFC00BF3DFF /* KYFormBaseCell.m */ = {isa = PBXFileReference; lastKnownFileType = sourcecode.c.objc; path = KYFormBaseCell.m; sourceTree = "<group>"; };
		95A4128C1FEA3D2800BF3DFF /* KYFormDateCell.h */ = {isa = PBXFileReference; lastKnownFileType = sourcecode.c.h; path = KYFormDateCell.h; sourceTree = "<group>"; };
		95A4128D1FEA3D2800BF3DFF /* KYFormDateCell.m */ = {isa = PBXFileReference; lastKnownFileType = sourcecode.c.objc; path = KYFormDateCell.m; sourceTree = "<group>"; };
		95A4128F1FEA3D6800BF3DFF /* KYFormImageCell.h */ = {isa = PBXFileReference; lastKnownFileType = sourcecode.c.h; path = KYFormImageCell.h; sourceTree = "<group>"; };
		95A412901FEA3D6800BF3DFF /* KYFormImageCell.m */ = {isa = PBXFileReference; lastKnownFileType = sourcecode.c.objc; path = KYFormImageCell.m; sourceTree = "<group>"; };
		95A412921FEA42C900BF3DFF /* KYFormSwitchCell.h */ = {isa = PBXFileReference; lastKnownFileType = sourcecode.c.h; path = KYFormSwitchCell.h; sourceTree = "<group>"; };
		95A412931FEA42C900BF3DFF /* KYFormSwitchCell.m */ = {isa = PBXFileReference; lastKnownFileType = sourcecode.c.objc; path = KYFormSwitchCell.m; sourceTree = "<group>"; };
		95A412981FEA42FF00BF3DFF /* KYFormPickViewCell.h */ = {isa = PBXFileReference; lastKnownFileType = sourcecode.c.h; path = KYFormPickViewCell.h; sourceTree = "<group>"; };
		95A412991FEA42FF00BF3DFF /* KYFormPickViewCell.m */ = {isa = PBXFileReference; lastKnownFileType = sourcecode.c.objc; path = KYFormPickViewCell.m; sourceTree = "<group>"; };
		95A4129C1FEB8C0F00BF3DFF /* ViewController.h */ = {isa = PBXFileReference; fileEncoding = 4; lastKnownFileType = sourcecode.c.h; path = ViewController.h; sourceTree = "<group>"; };
		95A4129D1FEB8C0F00BF3DFF /* ViewController.m */ = {isa = PBXFileReference; fileEncoding = 4; lastKnownFileType = sourcecode.c.objc; path = ViewController.m; sourceTree = "<group>"; };
		95A412A21FEB8D2600BF3DFF /* KYFormTextFieldCell.h */ = {isa = PBXFileReference; lastKnownFileType = sourcecode.c.h; path = KYFormTextFieldCell.h; sourceTree = "<group>"; };
		95A412A31FEB8D2600BF3DFF /* KYFormTextFieldCell.m */ = {isa = PBXFileReference; lastKnownFileType = sourcecode.c.objc; path = KYFormTextFieldCell.m; sourceTree = "<group>"; };
		95A412A51FEB8FEE00BF3DFF /* KYFormTextViewCell.h */ = {isa = PBXFileReference; lastKnownFileType = sourcecode.c.h; path = KYFormTextViewCell.h; sourceTree = "<group>"; };
		95A412A61FEB8FEE00BF3DFF /* KYFormTextViewCell.m */ = {isa = PBXFileReference; lastKnownFileType = sourcecode.c.objc; path = KYFormTextViewCell.m; sourceTree = "<group>"; };
		95A412AA1FEB9ADF00BF3DFF /* FormRowModel.h */ = {isa = PBXFileReference; lastKnownFileType = sourcecode.c.h; path = FormRowModel.h; sourceTree = "<group>"; };
		95A412AB1FEB9ADF00BF3DFF /* FormRowModel.m */ = {isa = PBXFileReference; lastKnownFileType = sourcecode.c.objc; path = FormRowModel.m; sourceTree = "<group>"; };
		95A412AD1FEB9AEB00BF3DFF /* FormSectionModel.h */ = {isa = PBXFileReference; lastKnownFileType = sourcecode.c.h; path = FormSectionModel.h; sourceTree = "<group>"; };
		95A412AE1FEB9AEB00BF3DFF /* FormSectionModel.m */ = {isa = PBXFileReference; lastKnownFileType = sourcecode.c.objc; path = FormSectionModel.m; sourceTree = "<group>"; };
		95A412B01FEB9C7F00BF3DFF /* personal.json */ = {isa = PBXFileReference; fileEncoding = 4; lastKnownFileType = text.json; path = personal.json; sourceTree = "<group>"; };
		95A413BE1FEBA2B200BF3DFF /* NSObject+YYModel.h */ = {isa = PBXFileReference; fileEncoding = 4; lastKnownFileType = sourcecode.c.h; path = "NSObject+YYModel.h"; sourceTree = "<group>"; };
		95A413BF1FEBA2B200BF3DFF /* NSObject+YYModel.m */ = {isa = PBXFileReference; fileEncoding = 4; lastKnownFileType = sourcecode.c.objc; path = "NSObject+YYModel.m"; sourceTree = "<group>"; };
		95A413C01FEBA2B200BF3DFF /* YYClassInfo.h */ = {isa = PBXFileReference; fileEncoding = 4; lastKnownFileType = sourcecode.c.h; path = YYClassInfo.h; sourceTree = "<group>"; };
		95A413C11FEBA2B200BF3DFF /* YYClassInfo.m */ = {isa = PBXFileReference; fileEncoding = 4; lastKnownFileType = sourcecode.c.objc; path = YYClassInfo.m; sourceTree = "<group>"; };
		95A413C41FEBA8B400BF3DFF /* PersonalViewController.h */ = {isa = PBXFileReference; lastKnownFileType = sourcecode.c.h; path = PersonalViewController.h; sourceTree = "<group>"; };
		95A413C51FEBA8B400BF3DFF /* PersonalViewController.m */ = {isa = PBXFileReference; lastKnownFileType = sourcecode.c.objc; path = PersonalViewController.m; sourceTree = "<group>"; };
		95A413C71FEBA8E600BF3DFF /* SetttingViewController.h */ = {isa = PBXFileReference; lastKnownFileType = sourcecode.c.h; path = SetttingViewController.h; sourceTree = "<group>"; };
		95A413C81FEBA8E600BF3DFF /* SetttingViewController.m */ = {isa = PBXFileReference; lastKnownFileType = sourcecode.c.objc; path = SetttingViewController.m; sourceTree = "<group>"; };
		95A413CA1FEBAB7A00BF3DFF /* LoanViewController.h */ = {isa = PBXFileReference; lastKnownFileType = sourcecode.c.h; path = LoanViewController.h; sourceTree = "<group>"; };
		95A413CB1FEBAB7A00BF3DFF /* LoanViewController.m */ = {isa = PBXFileReference; lastKnownFileType = sourcecode.c.objc; path = LoanViewController.m; sourceTree = "<group>"; };
		95A413CF1FECD51200BF3DFF /* UIColor+Extensions.h */ = {isa = PBXFileReference; fileEncoding = 4; lastKnownFileType = sourcecode.c.h; path = "UIColor+Extensions.h"; sourceTree = "<group>"; };
		95A413D01FECD51200BF3DFF /* UIColor+Extensions.m */ = {isa = PBXFileReference; fileEncoding = 4; lastKnownFileType = sourcecode.c.objc; path = "UIColor+Extensions.m"; sourceTree = "<group>"; };
		95A413D21FECE1D300BF3DFF /* KYFormTextFeildController.h */ = {isa = PBXFileReference; lastKnownFileType = sourcecode.c.h; path = KYFormTextFeildController.h; sourceTree = "<group>"; };
		95A413D31FECE1D300BF3DFF /* KYFormTextFeildController.m */ = {isa = PBXFileReference; lastKnownFileType = sourcecode.c.objc; path = KYFormTextFeildController.m; sourceTree = "<group>"; };
		95C08D821FE8BF680030C765 /* Tools.h */ = {isa = PBXFileReference; lastKnownFileType = sourcecode.c.h; path = Tools.h; sourceTree = "<group>"; };
/* End PBXFileReference section */

/* Begin PBXFrameworksBuildPhase section */
		958A285A1FE796C10071EACE /* Frameworks */ = {
			isa = PBXFrameworksBuildPhase;
			buildActionMask = 2147483647;
			files = (
			);
			runOnlyForDeploymentPostprocessing = 0;
		};
/* End PBXFrameworksBuildPhase section */

/* Begin PBXGroup section */
		953004171FEA3254002A44E5 /* Manager */ = {
			isa = PBXGroup;
			children = (
				95A412861FEA395500BF3DFF /* KYFormObject.h */,
				95A412871FEA395500BF3DFF /* KYFormObject.m */,
				9530041A1FEA3254002A44E5 /* KYFormRowObject.h */,
				9530041B1FEA3254002A44E5 /* KYFormRowObject.m */,
				9530041C1FEA3254002A44E5 /* KYFormSectionObject.h */,
				9530041D1FEA3254002A44E5 /* KYFormSectionObject.m */,
			);
			path = Manager;
			sourceTree = "<group>";
		};
		9530041E1FEA3254002A44E5 /* Model */ = {
			isa = PBXGroup;
			children = (
				95A412AA1FEB9ADF00BF3DFF /* FormRowModel.h */,
				95A412AB1FEB9ADF00BF3DFF /* FormRowModel.m */,
				95A412AD1FEB9AEB00BF3DFF /* FormSectionModel.h */,
				95A412AE1FEB9AEB00BF3DFF /* FormSectionModel.m */,
			);
			path = Model;
			sourceTree = "<group>";
		};
		958A28541FE796C10071EACE = {
			isa = PBXGroup;
			children = (
				958A285F1FE796C20071EACE /* KYForm */,
				958A285E1FE796C20071EACE /* Products */,
			);
			sourceTree = "<group>";
		};
		958A285E1FE796C20071EACE /* Products */ = {
			isa = PBXGroup;
			children = (
				958A285D1FE796C20071EACE /* KYForm.app */,
			);
			name = Products;
			sourceTree = "<group>";
		};
		958A285F1FE796C20071EACE /* KYForm */ = {
			isa = PBXGroup;
			children = (
				958A28601FE796C20071EACE /* AppDelegate.h */,
				958A28611FE796C20071EACE /* AppDelegate.m */,
				958A28661FE796C20071EACE /* Main.storyboard */,
				958A28691FE796C20071EACE /* Assets.xcassets */,
				958A286B1FE796C20071EACE /* LaunchScreen.storyboard */,
				958A286E1FE796C20071EACE /* Info.plist */,
				958A286F1FE796C20071EACE /* main.m */,
				95A4129B1FEB8C0F00BF3DFF /* Demos */,
				958A28761FE79B4D0071EACE /* KYForm */,
				95A412B21FEBA24000BF3DFF /* Libs */,
			);
			path = KYForm;
			sourceTree = "<group>";
		};
		958A28761FE79B4D0071EACE /* KYForm */ = {
			isa = PBXGroup;
			children = (
				958A28771FE79B4D0071EACE /* Cell */,
				958A28781FE79B4D0071EACE /* Controlller */,
				958A28791FE79B4E0071EACE /* Data */,
				958A287A1FE79B4E0071EACE /* Helper */,
				953004171FEA3254002A44E5 /* Manager */,
				9530041E1FEA3254002A44E5 /* Model */,
				95A413CD1FECD3F300BF3DFF /* View */,
			);
			path = KYForm;
			sourceTree = "<group>";
		};
		958A28771FE79B4D0071EACE /* Cell */ = {
			isa = PBXGroup;
			children = (
				95A412891FEA3CFC00BF3DFF /* KYFormBaseCell.h */,
				95A4128A1FEA3CFC00BF3DFF /* KYFormBaseCell.m */,
				95A4128C1FEA3D2800BF3DFF /* KYFormDateCell.h */,
				95A4128D1FEA3D2800BF3DFF /* KYFormDateCell.m */,
				95A4128F1FEA3D6800BF3DFF /* KYFormImageCell.h */,
				95A412901FEA3D6800BF3DFF /* KYFormImageCell.m */,
				95A412921FEA42C900BF3DFF /* KYFormSwitchCell.h */,
				95A412931FEA42C900BF3DFF /* KYFormSwitchCell.m */,
				95A412981FEA42FF00BF3DFF /* KYFormPickViewCell.h */,
				95A412991FEA42FF00BF3DFF /* KYFormPickViewCell.m */,
				95A412A21FEB8D2600BF3DFF /* KYFormTextFieldCell.h */,
				95A412A31FEB8D2600BF3DFF /* KYFormTextFieldCell.m */,
				95A412A51FEB8FEE00BF3DFF /* KYFormTextViewCell.h */,
				95A412A61FEB8FEE00BF3DFF /* KYFormTextViewCell.m */,
			);
			path = Cell;
			sourceTree = "<group>";
		};
		958A28781FE79B4D0071EACE /* Controlller */ = {
			isa = PBXGroup;
			children = (
				958A287F1FE7AED60071EACE /* KYFormViewController.h */,
				958A28801FE7AED60071EACE /* KYFormViewController.m */,
				95A413D21FECE1D300BF3DFF /* KYFormTextFeildController.h */,
				95A413D31FECE1D300BF3DFF /* KYFormTextFeildController.m */,
			);
			path = Controlller;
			sourceTree = "<group>";
		};
		958A28791FE79B4E0071EACE /* Data */ = {
			isa = PBXGroup;
			children = (
				95A412B01FEB9C7F00BF3DFF /* personal.json */,
			);
			path = Data;
			sourceTree = "<group>";
		};
		958A287A1FE79B4E0071EACE /* Helper */ = {
			isa = PBXGroup;
			children = (
				953004091FEA0CB2002A44E5 /* KYForm.h */,
				9530040A1FEA0CB2002A44E5 /* KYForm.m */,
				95C08D821FE8BF680030C765 /* Tools.h */,
				95A413CE1FECD51200BF3DFF /* Extension */,
			);
			path = Helper;
			sourceTree = "<group>";
		};
		95A4129B1FEB8C0F00BF3DFF /* Demos */ = {
			isa = PBXGroup;
			children = (
				95A4129C1FEB8C0F00BF3DFF /* ViewController.h */,
				95A4129D1FEB8C0F00BF3DFF /* ViewController.m */,
				95A413C41FEBA8B400BF3DFF /* PersonalViewController.h */,
				95A413C51FEBA8B400BF3DFF /* PersonalViewController.m */,
				95A413C71FEBA8E600BF3DFF /* SetttingViewController.h */,
				95A413C81FEBA8E600BF3DFF /* SetttingViewController.m */,
				95A413CA1FEBAB7A00BF3DFF /* LoanViewController.h */,
				95A413CB1FEBAB7A00BF3DFF /* LoanViewController.m */,
			);
			path = Demos;
			sourceTree = "<group>";
		};
		95A412B21FEBA24000BF3DFF /* Libs */ = {
			isa = PBXGroup;
			children = (
				95A413BD1FEBA2B200BF3DFF /* YYModel */,
			);
			path = Libs;
			sourceTree = "<group>";
		};
		95A413BD1FEBA2B200BF3DFF /* YYModel */ = {
			isa = PBXGroup;
			children = (
				95A413BE1FEBA2B200BF3DFF /* NSObject+YYModel.h */,
				95A413BF1FEBA2B200BF3DFF /* NSObject+YYModel.m */,
				95A413C01FEBA2B200BF3DFF /* YYClassInfo.h */,
				95A413C11FEBA2B200BF3DFF /* YYClassInfo.m */,
			);
			path = YYModel;
			sourceTree = "<group>";
		};
		95A413CD1FECD3F300BF3DFF /* View */ = {
			isa = PBXGroup;
			children = (
			);
			path = View;
			sourceTree = "<group>";
		};
		95A413CE1FECD51200BF3DFF /* Extension */ = {
			isa = PBXGroup;
			children = (
				95A413CF1FECD51200BF3DFF /* UIColor+Extensions.h */,
				95A413D01FECD51200BF3DFF /* UIColor+Extensions.m */,
			);
			path = Extension;
			sourceTree = "<group>";
		};
/* End PBXGroup section */

/* Begin PBXNativeTarget section */
		958A285C1FE796C10071EACE /* KYForm */ = {
			isa = PBXNativeTarget;
			buildConfigurationList = 958A28731FE796C20071EACE /* Build configuration list for PBXNativeTarget "KYForm" */;
			buildPhases = (
				958A28591FE796C10071EACE /* Sources */,
				958A285A1FE796C10071EACE /* Frameworks */,
				958A285B1FE796C10071EACE /* Resources */,
			);
			buildRules = (
			);
			dependencies = (
			);
			name = KYForm;
			productName = KYForm;
			productReference = 958A285D1FE796C20071EACE /* KYForm.app */;
			productType = "com.apple.product-type.application";
		};
/* End PBXNativeTarget section */

/* Begin PBXProject section */
		958A28551FE796C10071EACE /* Project object */ = {
			isa = PBXProject;
			attributes = {
				LastUpgradeCheck = 0910;
				TargetAttributes = {
					958A285C1FE796C10071EACE = {
						CreatedOnToolsVersion = 9.1;
						ProvisioningStyle = Automatic;
					};
				};
			};
			buildConfigurationList = 958A28581FE796C10071EACE /* Build configuration list for PBXProject "KYForm" */;
			compatibilityVersion = "Xcode 8.0";
			developmentRegion = en;
			hasScannedForEncodings = 0;
			knownRegions = (
				en,
				Base,
			);
			mainGroup = 958A28541FE796C10071EACE;
			productRefGroup = 958A285E1FE796C20071EACE /* Products */;
			projectDirPath = "";
			projectRoot = "";
			targets = (
				958A285C1FE796C10071EACE /* KYForm */,
			);
		};
/* End PBXProject section */

/* Begin PBXResourcesBuildPhase section */
		958A285B1FE796C10071EACE /* Resources */ = {
			isa = PBXResourcesBuildPhase;
			buildActionMask = 2147483647;
			files = (
				958A286D1FE796C20071EACE /* LaunchScreen.storyboard in Resources */,
				95A412B11FEB9C7F00BF3DFF /* personal.json in Resources */,
				958A286A1FE796C20071EACE /* Assets.xcassets in Resources */,
				958A28681FE796C20071EACE /* Main.storyboard in Resources */,
			);
			runOnlyForDeploymentPostprocessing = 0;
		};
/* End PBXResourcesBuildPhase section */

/* Begin PBXSourcesBuildPhase section */
		958A28591FE796C10071EACE /* Sources */ = {
			isa = PBXSourcesBuildPhase;
			buildActionMask = 2147483647;
			files = (
				95A413C91FEBA8E600BF3DFF /* SetttingViewController.m in Sources */,
				953004201FEA3254002A44E5 /* KYFormRowObject.m in Sources */,
				95A412941FEA42C900BF3DFF /* KYFormSwitchCell.m in Sources */,
				95A4129A1FEA42FF00BF3DFF /* KYFormPickViewCell.m in Sources */,
				95A412A41FEB8D2600BF3DFF /* KYFormTextFieldCell.m in Sources */,
				95A412911FEA3D6800BF3DFF /* KYFormImageCell.m in Sources */,
				95A412881FEA395500BF3DFF /* KYFormObject.m in Sources */,
				95A412AC1FEB9ADF00BF3DFF /* FormRowModel.m in Sources */,
				958A28811FE7AED60071EACE /* KYFormViewController.m in Sources */,
				95A4129E1FEB8C1000BF3DFF /* ViewController.m in Sources */,
				95A413C21FEBA2B200BF3DFF /* NSObject+YYModel.m in Sources */,
				95A413D41FECE1D300BF3DFF /* KYFormTextFeildController.m in Sources */,
				95A4128B1FEA3CFC00BF3DFF /* KYFormBaseCell.m in Sources */,
				95A412AF1FEB9AEB00BF3DFF /* FormSectionModel.m in Sources */,
				95A412A71FEB8FEE00BF3DFF /* KYFormTextViewCell.m in Sources */,
				95A413C31FEBA2B200BF3DFF /* YYClassInfo.m in Sources */,
				95A413D11FECD51200BF3DFF /* UIColor+Extensions.m in Sources */,
				958A28701FE796C20071EACE /* main.m in Sources */,
				95A413CC1FEBAB7A00BF3DFF /* LoanViewController.m in Sources */,
				95A4128E1FEA3D2800BF3DFF /* KYFormDateCell.m in Sources */,
				953004211FEA3254002A44E5 /* KYFormSectionObject.m in Sources */,
				958A28621FE796C20071EACE /* AppDelegate.m in Sources */,
				95A413C61FEBA8B400BF3DFF /* PersonalViewController.m in Sources */,
				9530040B1FEA0CB2002A44E5 /* KYForm.m in Sources */,
			);
			runOnlyForDeploymentPostprocessing = 0;
		};
/* End PBXSourcesBuildPhase section */

/* Begin PBXVariantGroup section */
		958A28661FE796C20071EACE /* Main.storyboard */ = {
			isa = PBXVariantGroup;
			children = (
				958A28671FE796C20071EACE /* Base */,
			);
			name = Main.storyboard;
			sourceTree = "<group>";
		};
		958A286B1FE796C20071EACE /* LaunchScreen.storyboard */ = {
			isa = PBXVariantGroup;
			children = (
				958A286C1FE796C20071EACE /* Base */,
			);
			name = LaunchScreen.storyboard;
			sourceTree = "<group>";
		};
/* End PBXVariantGroup section */

/* Begin XCBuildConfiguration section */
		958A28711FE796C20071EACE /* Debug */ = {
			isa = XCBuildConfiguration;
			buildSettings = {
				ALWAYS_SEARCH_USER_PATHS = NO;
				CLANG_ANALYZER_NONNULL = YES;
				CLANG_ANALYZER_NUMBER_OBJECT_CONVERSION = YES_AGGRESSIVE;
				CLANG_CXX_LANGUAGE_STANDARD = "gnu++14";
				CLANG_CXX_LIBRARY = "libc++";
				CLANG_ENABLE_MODULES = YES;
				CLANG_ENABLE_OBJC_ARC = YES;
				CLANG_WARN_BLOCK_CAPTURE_AUTORELEASING = YES;
				CLANG_WARN_BOOL_CONVERSION = YES;
				CLANG_WARN_COMMA = YES;
				CLANG_WARN_CONSTANT_CONVERSION = YES;
				CLANG_WARN_DIRECT_OBJC_ISA_USAGE = YES_ERROR;
				CLANG_WARN_DOCUMENTATION_COMMENTS = YES;
				CLANG_WARN_EMPTY_BODY = YES;
				CLANG_WARN_ENUM_CONVERSION = YES;
				CLANG_WARN_INFINITE_RECURSION = YES;
				CLANG_WARN_INT_CONVERSION = YES;
				CLANG_WARN_NON_LITERAL_NULL_CONVERSION = YES;
				CLANG_WARN_OBJC_LITERAL_CONVERSION = YES;
				CLANG_WARN_OBJC_ROOT_CLASS = YES_ERROR;
				CLANG_WARN_RANGE_LOOP_ANALYSIS = YES;
				CLANG_WARN_STRICT_PROTOTYPES = YES;
				CLANG_WARN_SUSPICIOUS_MOVE = YES;
				CLANG_WARN_UNGUARDED_AVAILABILITY = YES_AGGRESSIVE;
				CLANG_WARN_UNREACHABLE_CODE = YES;
				CLANG_WARN__DUPLICATE_METHOD_MATCH = YES;
				CODE_SIGN_IDENTITY = "iPhone Developer";
				COPY_PHASE_STRIP = NO;
				DEBUG_INFORMATION_FORMAT = dwarf;
				ENABLE_STRICT_OBJC_MSGSEND = YES;
				ENABLE_TESTABILITY = YES;
				GCC_C_LANGUAGE_STANDARD = gnu11;
				GCC_DYNAMIC_NO_PIC = NO;
				GCC_NO_COMMON_BLOCKS = YES;
				GCC_OPTIMIZATION_LEVEL = 0;
				GCC_PREPROCESSOR_DEFINITIONS = (
					"DEBUG=1",
					"$(inherited)",
				);
				GCC_WARN_64_TO_32_BIT_CONVERSION = YES;
				GCC_WARN_ABOUT_RETURN_TYPE = YES_ERROR;
				GCC_WARN_UNDECLARED_SELECTOR = YES;
				GCC_WARN_UNINITIALIZED_AUTOS = YES_AGGRESSIVE;
				GCC_WARN_UNUSED_FUNCTION = YES;
				GCC_WARN_UNUSED_VARIABLE = YES;
				IPHONEOS_DEPLOYMENT_TARGET = 11.1;
				MTL_ENABLE_DEBUG_INFO = YES;
				ONLY_ACTIVE_ARCH = YES;
				SDKROOT = iphoneos;
			};
			name = Debug;
		};
		958A28721FE796C20071EACE /* Release */ = {
			isa = XCBuildConfiguration;
			buildSettings = {
				ALWAYS_SEARCH_USER_PATHS = NO;
				CLANG_ANALYZER_NONNULL = YES;
				CLANG_ANALYZER_NUMBER_OBJECT_CONVERSION = YES_AGGRESSIVE;
				CLANG_CXX_LANGUAGE_STANDARD = "gnu++14";
				CLANG_CXX_LIBRARY = "libc++";
				CLANG_ENABLE_MODULES = YES;
				CLANG_ENABLE_OBJC_ARC = YES;
				CLANG_WARN_BLOCK_CAPTURE_AUTORELEASING = YES;
				CLANG_WARN_BOOL_CONVERSION = YES;
				CLANG_WARN_COMMA = YES;
				CLANG_WARN_CONSTANT_CONVERSION = YES;
				CLANG_WARN_DIRECT_OBJC_ISA_USAGE = YES_ERROR;
				CLANG_WARN_DOCUMENTATION_COMMENTS = YES;
				CLANG_WARN_EMPTY_BODY = YES;
				CLANG_WARN_ENUM_CONVERSION = YES;
				CLANG_WARN_INFINITE_RECURSION = YES;
				CLANG_WARN_INT_CONVERSION = YES;
				CLANG_WARN_NON_LITERAL_NULL_CONVERSION = YES;
				CLANG_WARN_OBJC_LITERAL_CONVERSION = YES;
				CLANG_WARN_OBJC_ROOT_CLASS = YES_ERROR;
				CLANG_WARN_RANGE_LOOP_ANALYSIS = YES;
				CLANG_WARN_STRICT_PROTOTYPES = YES;
				CLANG_WARN_SUSPICIOUS_MOVE = YES;
				CLANG_WARN_UNGUARDED_AVAILABILITY = YES_AGGRESSIVE;
				CLANG_WARN_UNREACHABLE_CODE = YES;
				CLANG_WARN__DUPLICATE_METHOD_MATCH = YES;
				CODE_SIGN_IDENTITY = "iPhone Developer";
				COPY_PHASE_STRIP = NO;
				DEBUG_INFORMATION_FORMAT = "dwarf-with-dsym";
				ENABLE_NS_ASSERTIONS = NO;
				ENABLE_STRICT_OBJC_MSGSEND = YES;
				GCC_C_LANGUAGE_STANDARD = gnu11;
				GCC_NO_COMMON_BLOCKS = YES;
				GCC_WARN_64_TO_32_BIT_CONVERSION = YES;
				GCC_WARN_ABOUT_RETURN_TYPE = YES_ERROR;
				GCC_WARN_UNDECLARED_SELECTOR = YES;
				GCC_WARN_UNINITIALIZED_AUTOS = YES_AGGRESSIVE;
				GCC_WARN_UNUSED_FUNCTION = YES;
				GCC_WARN_UNUSED_VARIABLE = YES;
				IPHONEOS_DEPLOYMENT_TARGET = 11.1;
				MTL_ENABLE_DEBUG_INFO = NO;
				SDKROOT = iphoneos;
				VALIDATE_PRODUCT = YES;
			};
			name = Release;
		};
		958A28741FE796C20071EACE /* Debug */ = {
			isa = XCBuildConfiguration;
			buildSettings = {
				ASSETCATALOG_COMPILER_APPICON_NAME = AppIcon;
				CODE_SIGN_STYLE = Automatic;
				DEVELOPMENT_TEAM = AAMM686MJ7;
				FRAMEWORK_SEARCH_PATHS = (
					"$(inherited)",
					"$(PROJECT_DIR)/KYForm/Libs/YYKit/Vendor",
				);
				INFOPLIST_FILE = KYForm/Info.plist;
				LD_RUNPATH_SEARCH_PATHS = "$(inherited) @executable_path/Frameworks";
				PRODUCT_BUNDLE_IDENTIFIER = com.kyaing.KYForm;
				PRODUCT_NAME = "$(TARGET_NAME)";
				TARGETED_DEVICE_FAMILY = "1,2";
			};
			name = Debug;
		};
		958A28751FE796C20071EACE /* Release */ = {
			isa = XCBuildConfiguration;
			buildSettings = {
				ASSETCATALOG_COMPILER_APPICON_NAME = AppIcon;
				CODE_SIGN_STYLE = Automatic;
				DEVELOPMENT_TEAM = AAMM686MJ7;
				FRAMEWORK_SEARCH_PATHS = (
					"$(inherited)",
					"$(PROJECT_DIR)/KYForm/Libs/YYKit/Vendor",
				);
				INFOPLIST_FILE = KYForm/Info.plist;
				LD_RUNPATH_SEARCH_PATHS = "$(inherited) @executable_path/Frameworks";
				PRODUCT_BUNDLE_IDENTIFIER = com.kyaing.KYForm;
				PRODUCT_NAME = "$(TARGET_NAME)";
				TARGETED_DEVICE_FAMILY = "1,2";
			};
			name = Release;
		};
/* End XCBuildConfiguration section */

/* Begin XCConfigurationList section */
		958A28581FE796C10071EACE /* Build configuration list for PBXProject "KYForm" */ = {
			isa = XCConfigurationList;
			buildConfigurations = (
				958A28711FE796C20071EACE /* Debug */,
				958A28721FE796C20071EACE /* Release */,
			);
			defaultConfigurationIsVisible = 0;
			defaultConfigurationName = Release;
		};
		958A28731FE796C20071EACE /* Build configuration list for PBXNativeTarget "KYForm" */ = {
			isa = XCConfigurationList;
			buildConfigurations = (
				958A28741FE796C20071EACE /* Debug */,
				958A28751FE796C20071EACE /* Release */,
			);
			defaultConfigurationIsVisible = 0;
			defaultConfigurationName = Release;
		};
/* End XCConfigurationList section */
	};
	rootObject = 958A28551FE796C10071EACE /* Project object */;
}
