// !$*UTF8*$!
{
	archiveVersion = 1;
	classes = {
	};
	objectVersion = 46;
	objects = {

/* Begin PBXBuildFile section */
		043179401E9C84DF003BA585 /* AppDelegate.swift in Sources */ = {isa = PBXBuildFile; fileRef = 0431793F1E9C84DF003BA585 /* AppDelegate.swift */; };
		043179421E9C84DF003BA585 /* ViewController.swift in Sources */ = {isa = PBXBuildFile; fileRef = 043179411E9C84DF003BA585 /* ViewController.swift */; };
		043179451E9C84DF003BA585 /* Main.storyboard in Resources */ = {isa = PBXBuildFile; fileRef = 043179431E9C84DF003BA585 /* Main.storyboard */; };
		043179471E9C84DF003BA585 /* Assets.xcassets in Resources */ = {isa = PBXBuildFile; fileRef = 043179461E9C84DF003BA585 /* Assets.xcassets */; };
		043179551E9C84DF003BA585 /* KYCameraTests.swift in Sources */ = {isa = PBXBuildFile; fileRef = 043179541E9C84DF003BA585 /* KYCameraTests.swift */; };
		043179601E9C84DF003BA585 /* KYCameraUITests.swift in Sources */ = {isa = PBXBuildFile; fileRef = 0431795F1E9C84DF003BA585 /* KYCameraUITests.swift */; };
		0431796E1E9CA8FF003BA585 /* Launch Screen.storyboard in Resources */ = {isa = PBXBuildFile; fileRef = 0431796D1E9CA8FF003BA585 /* Launch Screen.storyboard */; };
		047EFD481E9DCB0800A6E642 /* KYCameraViewController.swift in Sources */ = {isa = PBXBuildFile; fileRef = 047EFD471E9DCB0800A6E642 /* KYCameraViewController.swift */; };
		047EFD4A1E9DCB9800A6E642 /* KYCameraManager.swift in Sources */ = {isa = PBXBuildFile; fileRef = 047EFD491E9DCB9800A6E642 /* KYCameraManager.swift */; };
		047EFD4C1E9DCD6300A6E642 /* CameraSettingView.swift in Sources */ = {isa = PBXBuildFile; fileRef = 047EFD4B1E9DCD6300A6E642 /* CameraSettingView.swift */; };
		047EFD4E1E9DCDA500A6E642 /* CameraRecorderView.swift in Sources */ = {isa = PBXBuildFile; fileRef = 047EFD4D1E9DCDA500A6E642 /* CameraRecorderView.swift */; };
		047EFD521E9DD3A800A6E642 /* KYCameraWriteManager.swift in Sources */ = {isa = PBXBuildFile; fileRef = 047EFD511E9DD3A800A6E642 /* KYCameraWriteManager.swift */; };
		047EFD541E9E1E1000A6E642 /* CameraPreviewView.swift in Sources */ = {isa = PBXBuildFile; fileRef = 047EFD531E9E1E1000A6E642 /* CameraPreviewView.swift */; };
		047EFD781E9E2C4300A6E642 /* LICENSE in Resources */ = {isa = PBXBuildFile; fileRef = 047EFD561E9E2C4300A6E642 /* LICENSE */; };
		047EFD791E9E2C4300A6E642 /* README.md in Sources */ = {isa = PBXBuildFile; fileRef = 047EFD571E9E2C4300A6E642 /* README.md */; };
		047EFD7A1E9E2C4300A6E642 /* Constraint.swift in Sources */ = {isa = PBXBuildFile; fileRef = 047EFD591E9E2C4300A6E642 /* Constraint.swift */; };
		047EFD7B1E9E2C4300A6E642 /* ConstraintAttributes.swift in Sources */ = {isa = PBXBuildFile; fileRef = 047EFD5A1E9E2C4300A6E642 /* ConstraintAttributes.swift */; };
		047EFD7C1E9E2C4300A6E642 /* ConstraintConfig.swift in Sources */ = {isa = PBXBuildFile; fileRef = 047EFD5B1E9E2C4300A6E642 /* ConstraintConfig.swift */; };
		047EFD7D1E9E2C4300A6E642 /* ConstraintConstantTarget.swift in Sources */ = {isa = PBXBuildFile; fileRef = 047EFD5C1E9E2C4300A6E642 /* ConstraintConstantTarget.swift */; };
		047EFD7E1E9E2C4300A6E642 /* ConstraintDescription.swift in Sources */ = {isa = PBXBuildFile; fileRef = 047EFD5D1E9E2C4300A6E642 /* ConstraintDescription.swift */; };
		047EFD7F1E9E2C4300A6E642 /* ConstraintDSL.swift in Sources */ = {isa = PBXBuildFile; fileRef = 047EFD5E1E9E2C4300A6E642 /* ConstraintDSL.swift */; };
		047EFD801E9E2C4300A6E642 /* ConstraintInsets.swift in Sources */ = {isa = PBXBuildFile; fileRef = 047EFD5F1E9E2C4300A6E642 /* ConstraintInsets.swift */; };
		047EFD811E9E2C4300A6E642 /* ConstraintInsetTarget.swift in Sources */ = {isa = PBXBuildFile; fileRef = 047EFD601E9E2C4300A6E642 /* ConstraintInsetTarget.swift */; };
		047EFD821E9E2C4300A6E642 /* ConstraintItem.swift in Sources */ = {isa = PBXBuildFile; fileRef = 047EFD611E9E2C4300A6E642 /* ConstraintItem.swift */; };
		047EFD831E9E2C4300A6E642 /* ConstraintLayoutGuide.swift in Sources */ = {isa = PBXBuildFile; fileRef = 047EFD621E9E2C4300A6E642 /* ConstraintLayoutGuide.swift */; };
		047EFD841E9E2C4300A6E642 /* ConstraintLayoutGuideDSL.swift in Sources */ = {isa = PBXBuildFile; fileRef = 047EFD631E9E2C4300A6E642 /* ConstraintLayoutGuideDSL.swift */; };
		047EFD851E9E2C4300A6E642 /* ConstraintLayoutSupport.swift in Sources */ = {isa = PBXBuildFile; fileRef = 047EFD641E9E2C4300A6E642 /* ConstraintLayoutSupport.swift */; };
		047EFD861E9E2C4300A6E642 /* ConstraintLayoutSupportDSL.swift in Sources */ = {isa = PBXBuildFile; fileRef = 047EFD651E9E2C4300A6E642 /* ConstraintLayoutSupportDSL.swift */; };
		047EFD871E9E2C4300A6E642 /* ConstraintMaker.swift in Sources */ = {isa = PBXBuildFile; fileRef = 047EFD661E9E2C4300A6E642 /* ConstraintMaker.swift */; };
		047EFD881E9E2C4300A6E642 /* ConstraintMakerEditable.swift in Sources */ = {isa = PBXBuildFile; fileRef = 047EFD671E9E2C4300A6E642 /* ConstraintMakerEditable.swift */; };
		047EFD891E9E2C4300A6E642 /* ConstraintMakerExtendable.swift in Sources */ = {isa = PBXBuildFile; fileRef = 047EFD681E9E2C4300A6E642 /* ConstraintMakerExtendable.swift */; };
		047EFD8A1E9E2C4300A6E642 /* ConstraintMakerFinalizable.swift in Sources */ = {isa = PBXBuildFile; fileRef = 047EFD691E9E2C4300A6E642 /* ConstraintMakerFinalizable.swift */; };
		047EFD8B1E9E2C4300A6E642 /* ConstraintMakerPriortizable.swift in Sources */ = {isa = PBXBuildFile; fileRef = 047EFD6A1E9E2C4300A6E642 /* ConstraintMakerPriortizable.swift */; };
		047EFD8C1E9E2C4300A6E642 /* ConstraintMakerRelatable.swift in Sources */ = {isa = PBXBuildFile; fileRef = 047EFD6B1E9E2C4300A6E642 /* ConstraintMakerRelatable.swift */; };
		047EFD8D1E9E2C4300A6E642 /* ConstraintMultiplierTarget.swift in Sources */ = {isa = PBXBuildFile; fileRef = 047EFD6C1E9E2C4300A6E642 /* ConstraintMultiplierTarget.swift */; };
		047EFD8E1E9E2C4300A6E642 /* ConstraintOffsetTarget.swift in Sources */ = {isa = PBXBuildFile; fileRef = 047EFD6D1E9E2C4300A6E642 /* ConstraintOffsetTarget.swift */; };
		047EFD8F1E9E2C4300A6E642 /* ConstraintPriorityTarget.swift in Sources */ = {isa = PBXBuildFile; fileRef = 047EFD6E1E9E2C4300A6E642 /* ConstraintPriorityTarget.swift */; };
		047EFD901E9E2C4300A6E642 /* ConstraintRelatableTarget.swift in Sources */ = {isa = PBXBuildFile; fileRef = 047EFD6F1E9E2C4300A6E642 /* ConstraintRelatableTarget.swift */; };
		047EFD911E9E2C4300A6E642 /* ConstraintRelation.swift in Sources */ = {isa = PBXBuildFile; fileRef = 047EFD701E9E2C4300A6E642 /* ConstraintRelation.swift */; };
		047EFD921E9E2C4300A6E642 /* ConstraintView+Extensions.swift in Sources */ = {isa = PBXBuildFile; fileRef = 047EFD711E9E2C4300A6E642 /* ConstraintView+Extensions.swift */; };
		047EFD931E9E2C4300A6E642 /* ConstraintView.swift in Sources */ = {isa = PBXBuildFile; fileRef = 047EFD721E9E2C4300A6E642 /* ConstraintView.swift */; };
		047EFD941E9E2C4300A6E642 /* ConstraintViewDSL.swift in Sources */ = {isa = PBXBuildFile; fileRef = 047EFD731E9E2C4300A6E642 /* ConstraintViewDSL.swift */; };
		047EFD951E9E2C4300A6E642 /* Debugging.swift in Sources */ = {isa = PBXBuildFile; fileRef = 047EFD741E9E2C4300A6E642 /* Debugging.swift */; };
		047EFD961E9E2C4300A6E642 /* LayoutConstraint.swift in Sources */ = {isa = PBXBuildFile; fileRef = 047EFD751E9E2C4300A6E642 /* LayoutConstraint.swift */; };
		047EFD971E9E2C4300A6E642 /* UILayoutGuide+Extensions.swift in Sources */ = {isa = PBXBuildFile; fileRef = 047EFD761E9E2C4300A6E642 /* UILayoutGuide+Extensions.swift */; };
		047EFD981E9E2C4300A6E642 /* UILayoutSupport+Extensions.swift in Sources */ = {isa = PBXBuildFile; fileRef = 047EFD771E9E2C4300A6E642 /* UILayoutSupport+Extensions.swift */; };
		04B5A5541E9E315D00DE1E39 /* navi_back@2x.png in Resources */ = {isa = PBXBuildFile; fileRef = 04B5A5531E9E315D00DE1E39 /* navi_back@2x.png */; };
/* End PBXBuildFile section */

/* Begin PBXContainerItemProxy section */
		043179511E9C84DF003BA585 /* PBXContainerItemProxy */ = {
			isa = PBXContainerItemProxy;
			containerPortal = 043179341E9C84DF003BA585 /* Project object */;
			proxyType = 1;
			remoteGlobalIDString = 0431793B1E9C84DF003BA585;
			remoteInfo = KYCamera;
		};
		0431795C1E9C84DF003BA585 /* PBXContainerItemProxy */ = {
			isa = PBXContainerItemProxy;
			containerPortal = 043179341E9C84DF003BA585 /* Project object */;
			proxyType = 1;
			remoteGlobalIDString = 0431793B1E9C84DF003BA585;
			remoteInfo = KYCamera;
		};
/* End PBXContainerItemProxy section */

/* Begin PBXFileReference section */
		0431793C1E9C84DF003BA585 /* KYCamera.app */ = {isa = PBXFileReference; explicitFileType = wrapper.application; includeInIndex = 0; path = KYCamera.app; sourceTree = BUILT_PRODUCTS_DIR; };
		0431793F1E9C84DF003BA585 /* AppDelegate.swift */ = {isa = PBXFileReference; lastKnownFileType = sourcecode.swift; path = AppDelegate.swift; sourceTree = "<group>"; };
		043179411E9C84DF003BA585 /* ViewController.swift */ = {isa = PBXFileReference; lastKnownFileType = sourcecode.swift; path = ViewController.swift; sourceTree = "<group>"; };
		043179441E9C84DF003BA585 /* Base */ = {isa = PBXFileReference; lastKnownFileType = file.storyboard; name = Base; path = Base.lproj/Main.storyboard; sourceTree = "<group>"; };
		043179461E9C84DF003BA585 /* Assets.xcassets */ = {isa = PBXFileReference; lastKnownFileType = folder.assetcatalog; path = Assets.xcassets; sourceTree = "<group>"; };
		0431794B1E9C84DF003BA585 /* Info.plist */ = {isa = PBXFileReference; lastKnownFileType = text.plist.xml; path = Info.plist; sourceTree = "<group>"; };
		043179501E9C84DF003BA585 /* KYCameraTests.xctest */ = {isa = PBXFileReference; explicitFileType = wrapper.cfbundle; includeInIndex = 0; path = KYCameraTests.xctest; sourceTree = BUILT_PRODUCTS_DIR; };
		043179541E9C84DF003BA585 /* KYCameraTests.swift */ = {isa = PBXFileReference; lastKnownFileType = sourcecode.swift; path = KYCameraTests.swift; sourceTree = "<group>"; };
		043179561E9C84DF003BA585 /* Info.plist */ = {isa = PBXFileReference; lastKnownFileType = text.plist.xml; path = Info.plist; sourceTree = "<group>"; };
		0431795B1E9C84DF003BA585 /* KYCameraUITests.xctest */ = {isa = PBXFileReference; explicitFileType = wrapper.cfbundle; includeInIndex = 0; path = KYCameraUITests.xctest; sourceTree = BUILT_PRODUCTS_DIR; };
		0431795F1E9C84DF003BA585 /* KYCameraUITests.swift */ = {isa = PBXFileReference; lastKnownFileType = sourcecode.swift; path = KYCameraUITests.swift; sourceTree = "<group>"; };
		043179611E9C84DF003BA585 /* Info.plist */ = {isa = PBXFileReference; lastKnownFileType = text.plist.xml; path = Info.plist; sourceTree = "<group>"; };
		0431796D1E9CA8FF003BA585 /* Launch Screen.storyboard */ = {isa = PBXFileReference; fileEncoding = 4; lastKnownFileType = file.storyboard; path = "Launch Screen.storyboard"; sourceTree = "<group>"; };
		047EFD471E9DCB0800A6E642 /* KYCameraViewController.swift */ = {isa = PBXFileReference; fileEncoding = 4; lastKnownFileType = sourcecode.swift; path = KYCameraViewController.swift; sourceTree = "<group>"; };
		047EFD491E9DCB9800A6E642 /* KYCameraManager.swift */ = {isa = PBXFileReference; fileEncoding = 4; lastKnownFileType = sourcecode.swift; path = KYCameraManager.swift; sourceTree = "<group>"; };
		047EFD4B1E9DCD6300A6E642 /* CameraSettingView.swift */ = {isa = PBXFileReference; fileEncoding = 4; lastKnownFileType = sourcecode.swift; path = CameraSettingView.swift; sourceTree = "<group>"; };
		047EFD4D1E9DCDA500A6E642 /* CameraRecorderView.swift */ = {isa = PBXFileReference; fileEncoding = 4; lastKnownFileType = sourcecode.swift; path = CameraRecorderView.swift; sourceTree = "<group>"; };
		047EFD511E9DD3A800A6E642 /* KYCameraWriteManager.swift */ = {isa = PBXFileReference; fileEncoding = 4; lastKnownFileType = sourcecode.swift; path = KYCameraWriteManager.swift; sourceTree = "<group>"; };
		047EFD531E9E1E1000A6E642 /* CameraPreviewView.swift */ = {isa = PBXFileReference; fileEncoding = 4; lastKnownFileType = sourcecode.swift; path = CameraPreviewView.swift; sourceTree = "<group>"; };
		047EFD561E9E2C4300A6E642 /* LICENSE */ = {isa = PBXFileReference; fileEncoding = 4; lastKnownFileType = text; path = LICENSE; sourceTree = "<group>"; };
		047EFD571E9E2C4300A6E642 /* README.md */ = {isa = PBXFileReference; fileEncoding = 4; lastKnownFileType = net.daringfireball.markdown; path = README.md; sourceTree = "<group>"; };
		047EFD591E9E2C4300A6E642 /* Constraint.swift */ = {isa = PBXFileReference; fileEncoding = 4; lastKnownFileType = sourcecode.swift; path = Constraint.swift; sourceTree = "<group>"; };
		047EFD5A1E9E2C4300A6E642 /* ConstraintAttributes.swift */ = {isa = PBXFileReference; fileEncoding = 4; lastKnownFileType = sourcecode.swift; path = ConstraintAttributes.swift; sourceTree = "<group>"; };
		047EFD5B1E9E2C4300A6E642 /* ConstraintConfig.swift */ = {isa = PBXFileReference; fileEncoding = 4; lastKnownFileType = sourcecode.swift; path = ConstraintConfig.swift; sourceTree = "<group>"; };
		047EFD5C1E9E2C4300A6E642 /* ConstraintConstantTarget.swift */ = {isa = PBXFileReference; fileEncoding = 4; lastKnownFileType = sourcecode.swift; path = ConstraintConstantTarget.swift; sourceTree = "<group>"; };
		047EFD5D1E9E2C4300A6E642 /* ConstraintDescription.swift */ = {isa = PBXFileReference; fileEncoding = 4; lastKnownFileType = sourcecode.swift; path = ConstraintDescription.swift; sourceTree = "<group>"; };
		047EFD5E1E9E2C4300A6E642 /* ConstraintDSL.swift */ = {isa = PBXFileReference; fileEncoding = 4; lastKnownFileType = sourcecode.swift; path = ConstraintDSL.swift; sourceTree = "<group>"; };
		047EFD5F1E9E2C4300A6E642 /* ConstraintInsets.swift */ = {isa = PBXFileReference; fileEncoding = 4; lastKnownFileType = sourcecode.swift; path = ConstraintInsets.swift; sourceTree = "<group>"; };
		047EFD601E9E2C4300A6E642 /* ConstraintInsetTarget.swift */ = {isa = PBXFileReference; fileEncoding = 4; lastKnownFileType = sourcecode.swift; path = ConstraintInsetTarget.swift; sourceTree = "<group>"; };
		047EFD611E9E2C4300A6E642 /* ConstraintItem.swift */ = {isa = PBXFileReference; fileEncoding = 4; lastKnownFileType = sourcecode.swift; path = ConstraintItem.swift; sourceTree = "<group>"; };
		047EFD621E9E2C4300A6E642 /* ConstraintLayoutGuide.swift */ = {isa = PBXFileReference; fileEncoding = 4; lastKnownFileType = sourcecode.swift; path = ConstraintLayoutGuide.swift; sourceTree = "<group>"; };
		047EFD631E9E2C4300A6E642 /* ConstraintLayoutGuideDSL.swift */ = {isa = PBXFileReference; fileEncoding = 4; lastKnownFileType = sourcecode.swift; path = ConstraintLayoutGuideDSL.swift; sourceTree = "<group>"; };
		047EFD641E9E2C4300A6E642 /* ConstraintLayoutSupport.swift */ = {isa = PBXFileReference; fileEncoding = 4; lastKnownFileType = sourcecode.swift; path = ConstraintLayoutSupport.swift; sourceTree = "<group>"; };
		047EFD651E9E2C4300A6E642 /* ConstraintLayoutSupportDSL.swift */ = {isa = PBXFileReference; fileEncoding = 4; lastKnownFileType = sourcecode.swift; path = ConstraintLayoutSupportDSL.swift; sourceTree = "<group>"; };
		047EFD661E9E2C4300A6E642 /* ConstraintMaker.swift */ = {isa = PBXFileReference; fileEncoding = 4; lastKnownFileType = sourcecode.swift; path = ConstraintMaker.swift; sourceTree = "<group>"; };
		047EFD671E9E2C4300A6E642 /* ConstraintMakerEditable.swift */ = {isa = PBXFileReference; fileEncoding = 4; lastKnownFileType = sourcecode.swift; path = ConstraintMakerEditable.swift; sourceTree = "<group>"; };
		047EFD681E9E2C4300A6E642 /* ConstraintMakerExtendable.swift */ = {isa = PBXFileReference; fileEncoding = 4; lastKnownFileType = sourcecode.swift; path = ConstraintMakerExtendable.swift; sourceTree = "<group>"; };
		047EFD691E9E2C4300A6E642 /* ConstraintMakerFinalizable.swift */ = {isa = PBXFileReference; fileEncoding = 4; lastKnownFileType = sourcecode.swift; path = ConstraintMakerFinalizable.swift; sourceTree = "<group>"; };
		047EFD6A1E9E2C4300A6E642 /* ConstraintMakerPriortizable.swift */ = {isa = PBXFileReference; fileEncoding = 4; lastKnownFileType = sourcecode.swift; path = ConstraintMakerPriortizable.swift; sourceTree = "<group>"; };
		047EFD6B1E9E2C4300A6E642 /* ConstraintMakerRelatable.swift */ = {isa = PBXFileReference; fileEncoding = 4; lastKnownFileType = sourcecode.swift; path = ConstraintMakerRelatable.swift; sourceTree = "<group>"; };
		047EFD6C1E9E2C4300A6E642 /* ConstraintMultiplierTarget.swift */ = {isa = PBXFileReference; fileEncoding = 4; lastKnownFileType = sourcecode.swift; path = ConstraintMultiplierTarget.swift; sourceTree = "<group>"; };
		047EFD6D1E9E2C4300A6E642 /* ConstraintOffsetTarget.swift */ = {isa = PBXFileReference; fileEncoding = 4; lastKnownFileType = sourcecode.swift; path = ConstraintOffsetTarget.swift; sourceTree = "<group>"; };
		047EFD6E1E9E2C4300A6E642 /* ConstraintPriorityTarget.swift */ = {isa = PBXFileReference; fileEncoding = 4; lastKnownFileType = sourcecode.swift; path = ConstraintPriorityTarget.swift; sourceTree = "<group>"; };
		047EFD6F1E9E2C4300A6E642 /* ConstraintRelatableTarget.swift */ = {isa = PBXFileReference; fileEncoding = 4; lastKnownFileType = sourcecode.swift; path = ConstraintRelatableTarget.swift; sourceTree = "<group>"; };
		047EFD701E9E2C4300A6E642 /* ConstraintRelation.swift */ = {isa = PBXFileReference; fileEncoding = 4; lastKnownFileType = sourcecode.swift; path = ConstraintRelation.swift; sourceTree = "<group>"; };
		047EFD711E9E2C4300A6E642 /* ConstraintView+Extensions.swift */ = {isa = PBXFileReference; fileEncoding = 4; lastKnownFileType = sourcecode.swift; path = "ConstraintView+Extensions.swift"; sourceTree = "<group>"; };
		047EFD721E9E2C4300A6E642 /* ConstraintView.swift */ = {isa = PBXFileReference; fileEncoding = 4; lastKnownFileType = sourcecode.swift; path = ConstraintView.swift; sourceTree = "<group>"; };
		047EFD731E9E2C4300A6E642 /* ConstraintViewDSL.swift */ = {isa = PBXFileReference; fileEncoding = 4; lastKnownFileType = sourcecode.swift; path = ConstraintViewDSL.swift; sourceTree = "<group>"; };
		047EFD741E9E2C4300A6E642 /* Debugging.swift */ = {isa = PBXFileReference; fileEncoding = 4; lastKnownFileType = sourcecode.swift; path = Debugging.swift; sourceTree = "<group>"; };
		047EFD751E9E2C4300A6E642 /* LayoutConstraint.swift */ = {isa = PBXFileReference; fileEncoding = 4; lastKnownFileType = sourcecode.swift; path = LayoutConstraint.swift; sourceTree = "<group>"; };
		047EFD761E9E2C4300A6E642 /* UILayoutGuide+Extensions.swift */ = {isa = PBXFileReference; fileEncoding = 4; lastKnownFileType = sourcecode.swift; path = "UILayoutGuide+Extensions.swift"; sourceTree = "<group>"; };
		047EFD771E9E2C4300A6E642 /* UILayoutSupport+Extensions.swift */ = {isa = PBXFileReference; fileEncoding = 4; lastKnownFileType = sourcecode.swift; path = "UILayoutSupport+Extensions.swift"; sourceTree = "<group>"; };
		04B5A5531E9E315D00DE1E39 /* navi_back@2x.png */ = {isa = PBXFileReference; lastKnownFileType = image.png; path = "navi_back@2x.png"; sourceTree = "<group>"; };
/* End PBXFileReference section */

/* Begin PBXFrameworksBuildPhase section */
		043179391E9C84DF003BA585 /* Frameworks */ = {
			isa = PBXFrameworksBuildPhase;
			buildActionMask = 2147483647;
			files = (
			);
			runOnlyForDeploymentPostprocessing = 0;
		};
		0431794D1E9C84DF003BA585 /* Frameworks */ = {
			isa = PBXFrameworksBuildPhase;
			buildActionMask = 2147483647;
			files = (
			);
			runOnlyForDeploymentPostprocessing = 0;
		};
		043179581E9C84DF003BA585 /* Frameworks */ = {
			isa = PBXFrameworksBuildPhase;
			buildActionMask = 2147483647;
			files = (
			);
			runOnlyForDeploymentPostprocessing = 0;
		};
/* End PBXFrameworksBuildPhase section */

/* Begin PBXGroup section */
		043179331E9C84DF003BA585 = {
			isa = PBXGroup;
			children = (
				0431793E1E9C84DF003BA585 /* KYCamera */,
				043179531E9C84DF003BA585 /* KYCameraTests */,
				0431795E1E9C84DF003BA585 /* KYCameraUITests */,
				0431793D1E9C84DF003BA585 /* Products */,
			);
			sourceTree = "<group>";
		};
		0431793D1E9C84DF003BA585 /* Products */ = {
			isa = PBXGroup;
			children = (
				0431793C1E9C84DF003BA585 /* KYCamera.app */,
				043179501E9C84DF003BA585 /* KYCameraTests.xctest */,
				0431795B1E9C84DF003BA585 /* KYCameraUITests.xctest */,
			);
			name = Products;
			sourceTree = "<group>";
		};
		0431793E1E9C84DF003BA585 /* KYCamera */ = {
			isa = PBXGroup;
			children = (
				0431793F1E9C84DF003BA585 /* AppDelegate.swift */,
				043179411E9C84DF003BA585 /* ViewController.swift */,
				043179431E9C84DF003BA585 /* Main.storyboard */,
				043179461E9C84DF003BA585 /* Assets.xcassets */,
				0431796D1E9CA8FF003BA585 /* Launch Screen.storyboard */,
				0431794B1E9C84DF003BA585 /* Info.plist */,
				047EFD551E9E2C4300A6E642 /* SnapKit */,
				047EFCCC1E9CB2AA00A6E642 /* Cameras */,
			);
			path = KYCamera;
			sourceTree = "<group>";
		};
		043179531E9C84DF003BA585 /* KYCameraTests */ = {
			isa = PBXGroup;
			children = (
				043179541E9C84DF003BA585 /* KYCameraTests.swift */,
				043179561E9C84DF003BA585 /* Info.plist */,
			);
			path = KYCameraTests;
			sourceTree = "<group>";
		};
		0431795E1E9C84DF003BA585 /* KYCameraUITests */ = {
			isa = PBXGroup;
			children = (
				0431795F1E9C84DF003BA585 /* KYCameraUITests.swift */,
				043179611E9C84DF003BA585 /* Info.plist */,
			);
			path = KYCameraUITests;
			sourceTree = "<group>";
		};
		047EFCCC1E9CB2AA00A6E642 /* Cameras */ = {
			isa = PBXGroup;
			children = (
				047EFD4B1E9DCD6300A6E642 /* CameraSettingView.swift */,
				047EFD531E9E1E1000A6E642 /* CameraPreviewView.swift */,
				047EFD4D1E9DCDA500A6E642 /* CameraRecorderView.swift */,
				047EFD491E9DCB9800A6E642 /* KYCameraManager.swift */,
				047EFD511E9DD3A800A6E642 /* KYCameraWriteManager.swift */,
				047EFD471E9DCB0800A6E642 /* KYCameraViewController.swift */,
				04B5A5521E9E315D00DE1E39 /* Resources */,
			);
			path = Cameras;
			sourceTree = "<group>";
		};
		047EFD551E9E2C4300A6E642 /* SnapKit */ = {
			isa = PBXGroup;
			children = (
				047EFD561E9E2C4300A6E642 /* LICENSE */,
				047EFD571E9E2C4300A6E642 /* README.md */,
				047EFD581E9E2C4300A6E642 /* Source */,
			);
			path = SnapKit;
			sourceTree = "<group>";
		};
		047EFD581E9E2C4300A6E642 /* Source */ = {
			isa = PBXGroup;
			children = (
				047EFD591E9E2C4300A6E642 /* Constraint.swift */,
				047EFD5A1E9E2C4300A6E642 /* ConstraintAttributes.swift */,
				047EFD5B1E9E2C4300A6E642 /* ConstraintConfig.swift */,
				047EFD5C1E9E2C4300A6E642 /* ConstraintConstantTarget.swift */,
				047EFD5D1E9E2C4300A6E642 /* ConstraintDescription.swift */,
				047EFD5E1E9E2C4300A6E642 /* ConstraintDSL.swift */,
				047EFD5F1E9E2C4300A6E642 /* ConstraintInsets.swift */,
				047EFD601E9E2C4300A6E642 /* ConstraintInsetTarget.swift */,
				047EFD611E9E2C4300A6E642 /* ConstraintItem.swift */,
				047EFD621E9E2C4300A6E642 /* ConstraintLayoutGuide.swift */,
				047EFD631E9E2C4300A6E642 /* ConstraintLayoutGuideDSL.swift */,
				047EFD641E9E2C4300A6E642 /* ConstraintLayoutSupport.swift */,
				047EFD651E9E2C4300A6E642 /* ConstraintLayoutSupportDSL.swift */,
				047EFD661E9E2C4300A6E642 /* ConstraintMaker.swift */,
				047EFD671E9E2C4300A6E642 /* ConstraintMakerEditable.swift */,
				047EFD681E9E2C4300A6E642 /* ConstraintMakerExtendable.swift */,
				047EFD691E9E2C4300A6E642 /* ConstraintMakerFinalizable.swift */,
				047EFD6A1E9E2C4300A6E642 /* ConstraintMakerPriortizable.swift */,
				047EFD6B1E9E2C4300A6E642 /* ConstraintMakerRelatable.swift */,
				047EFD6C1E9E2C4300A6E642 /* ConstraintMultiplierTarget.swift */,
				047EFD6D1E9E2C4300A6E642 /* ConstraintOffsetTarget.swift */,
				047EFD6E1E9E2C4300A6E642 /* ConstraintPriorityTarget.swift */,
				047EFD6F1E9E2C4300A6E642 /* ConstraintRelatableTarget.swift */,
				047EFD701E9E2C4300A6E642 /* ConstraintRelation.swift */,
				047EFD711E9E2C4300A6E642 /* ConstraintView+Extensions.swift */,
				047EFD721E9E2C4300A6E642 /* ConstraintView.swift */,
				047EFD731E9E2C4300A6E642 /* ConstraintViewDSL.swift */,
				047EFD741E9E2C4300A6E642 /* Debugging.swift */,
				047EFD751E9E2C4300A6E642 /* LayoutConstraint.swift */,
				047EFD761E9E2C4300A6E642 /* UILayoutGuide+Extensions.swift */,
				047EFD771E9E2C4300A6E642 /* UILayoutSupport+Extensions.swift */,
			);
			path = Source;
			sourceTree = "<group>";
		};
		04B5A5521E9E315D00DE1E39 /* Resources */ = {
			isa = PBXGroup;
			children = (
				04B5A5531E9E315D00DE1E39 /* navi_back@2x.png */,
			);
			path = Resources;
			sourceTree = "<group>";
		};
/* End PBXGroup section */

/* Begin PBXNativeTarget section */
		0431793B1E9C84DF003BA585 /* KYCamera */ = {
			isa = PBXNativeTarget;
			buildConfigurationList = 043179641E9C84DF003BA585 /* Build configuration list for PBXNativeTarget "KYCamera" */;
			buildPhases = (
				043179381E9C84DF003BA585 /* Sources */,
				043179391E9C84DF003BA585 /* Frameworks */,
				0431793A1E9C84DF003BA585 /* Resources */,
			);
			buildRules = (
			);
			dependencies = (
			);
			name = KYCamera;
			productName = KYCamera;
			productReference = 0431793C1E9C84DF003BA585 /* KYCamera.app */;
			productType = "com.apple.product-type.application";
		};
		0431794F1E9C84DF003BA585 /* KYCameraTests */ = {
			isa = PBXNativeTarget;
			buildConfigurationList = 043179671E9C84DF003BA585 /* Build configuration list for PBXNativeTarget "KYCameraTests" */;
			buildPhases = (
				0431794C1E9C84DF003BA585 /* Sources */,
				0431794D1E9C84DF003BA585 /* Frameworks */,
				0431794E1E9C84DF003BA585 /* Resources */,
			);
			buildRules = (
			);
			dependencies = (
				043179521E9C84DF003BA585 /* PBXTargetDependency */,
			);
			name = KYCameraTests;
			productName = KYCameraTests;
			productReference = 043179501E9C84DF003BA585 /* KYCameraTests.xctest */;
			productType = "com.apple.product-type.bundle.unit-test";
		};
		0431795A1E9C84DF003BA585 /* KYCameraUITests */ = {
			isa = PBXNativeTarget;
			buildConfigurationList = 0431796A1E9C84DF003BA585 /* Build configuration list for PBXNativeTarget "KYCameraUITests" */;
			buildPhases = (
				043179571E9C84DF003BA585 /* Sources */,
				043179581E9C84DF003BA585 /* Frameworks */,
				043179591E9C84DF003BA585 /* Resources */,
			);
			buildRules = (
			);
			dependencies = (
				0431795D1E9C84DF003BA585 /* PBXTargetDependency */,
			);
			name = KYCameraUITests;
			productName = KYCameraUITests;
			productReference = 0431795B1E9C84DF003BA585 /* KYCameraUITests.xctest */;
			productType = "com.apple.product-type.bundle.ui-testing";
		};
/* End PBXNativeTarget section */

/* Begin PBXProject section */
		043179341E9C84DF003BA585 /* Project object */ = {
			isa = PBXProject;
			attributes = {
				LastSwiftUpdateCheck = 0820;
				LastUpgradeCheck = 0820;
				ORGANIZATIONNAME = mac;
				TargetAttributes = {
					0431793B1E9C84DF003BA585 = {
						CreatedOnToolsVersion = 8.2.1;
						DevelopmentTeam = 3YR7CL6SMV;
						ProvisioningStyle = Automatic;
					};
					0431794F1E9C84DF003BA585 = {
						CreatedOnToolsVersion = 8.2.1;
						DevelopmentTeam = 3YR7CL6SMV;
						ProvisioningStyle = Automatic;
						TestTargetID = 0431793B1E9C84DF003BA585;
					};
					0431795A1E9C84DF003BA585 = {
						CreatedOnToolsVersion = 8.2.1;
						DevelopmentTeam = 3YR7CL6SMV;
						ProvisioningStyle = Automatic;
						TestTargetID = 0431793B1E9C84DF003BA585;
					};
				};
			};
			buildConfigurationList = 043179371E9C84DF003BA585 /* Build configuration list for PBXProject "KYCamera" */;
			compatibilityVersion = "Xcode 3.2";
			developmentRegion = English;
			hasScannedForEncodings = 0;
			knownRegions = (
				en,
				Base,
			);
			mainGroup = 043179331E9C84DF003BA585;
			productRefGroup = 0431793D1E9C84DF003BA585 /* Products */;
			projectDirPath = "";
			projectRoot = "";
			targets = (
				0431793B1E9C84DF003BA585 /* KYCamera */,
				0431794F1E9C84DF003BA585 /* KYCameraTests */,
				0431795A1E9C84DF003BA585 /* KYCameraUITests */,
			);
		};
/* End PBXProject section */

/* Begin PBXResourcesBuildPhase section */
		0431793A1E9C84DF003BA585 /* Resources */ = {
			isa = PBXResourcesBuildPhase;
			buildActionMask = 2147483647;
			files = (
				0431796E1E9CA8FF003BA585 /* Launch Screen.storyboard in Resources */,
				043179471E9C84DF003BA585 /* Assets.xcassets in Resources */,
				04B5A5541E9E315D00DE1E39 /* navi_back@2x.png in Resources */,
				047EFD781E9E2C4300A6E642 /* LICENSE in Resources */,
				043179451E9C84DF003BA585 /* Main.storyboard in Resources */,
			);
			runOnlyForDeploymentPostprocessing = 0;
		};
		0431794E1E9C84DF003BA585 /* Resources */ = {
			isa = PBXResourcesBuildPhase;
			buildActionMask = 2147483647;
			files = (
			);
			runOnlyForDeploymentPostprocessing = 0;
		};
		043179591E9C84DF003BA585 /* Resources */ = {
			isa = PBXResourcesBuildPhase;
			buildActionMask = 2147483647;
			files = (
			);
			runOnlyForDeploymentPostprocessing = 0;
		};
/* End PBXResourcesBuildPhase section */

/* Begin PBXSourcesBuildPhase section */
		043179381E9C84DF003BA585 /* Sources */ = {
			isa = PBXSourcesBuildPhase;
			buildActionMask = 2147483647;
			files = (
				047EFD541E9E1E1000A6E642 /* CameraPreviewView.swift in Sources */,
				043179421E9C84DF003BA585 /* ViewController.swift in Sources */,
				047EFD871E9E2C4300A6E642 /* ConstraintMaker.swift in Sources */,
				047EFD521E9DD3A800A6E642 /* KYCameraWriteManager.swift in Sources */,
				047EFD831E9E2C4300A6E642 /* ConstraintLayoutGuide.swift in Sources */,
				043179401E9C84DF003BA585 /* AppDelegate.swift in Sources */,
				047EFD841E9E2C4300A6E642 /* ConstraintLayoutGuideDSL.swift in Sources */,
				047EFD7C1E9E2C4300A6E642 /* ConstraintConfig.swift in Sources */,
				047EFD7E1E9E2C4300A6E642 /* ConstraintDescription.swift in Sources */,
				047EFD7B1E9E2C4300A6E642 /* ConstraintAttributes.swift in Sources */,
				047EFD8E1E9E2C4300A6E642 /* ConstraintOffsetTarget.swift in Sources */,
				047EFD4C1E9DCD6300A6E642 /* CameraSettingView.swift in Sources */,
				047EFD4A1E9DCB9800A6E642 /* KYCameraManager.swift in Sources */,
				047EFD911E9E2C4300A6E642 /* ConstraintRelation.swift in Sources */,
				047EFD8A1E9E2C4300A6E642 /* ConstraintMakerFinalizable.swift in Sources */,
				047EFD791E9E2C4300A6E642 /* README.md in Sources */,
				047EFD861E9E2C4300A6E642 /* ConstraintLayoutSupportDSL.swift in Sources */,
				047EFD941E9E2C4300A6E642 /* ConstraintViewDSL.swift in Sources */,
				047EFD951E9E2C4300A6E642 /* Debugging.swift in Sources */,
				047EFD4E1E9DCDA500A6E642 /* CameraRecorderView.swift in Sources */,
				047EFD881E9E2C4300A6E642 /* ConstraintMakerEditable.swift in Sources */,
				047EFD901E9E2C4300A6E642 /* ConstraintRelatableTarget.swift in Sources */,
				047EFD851E9E2C4300A6E642 /* ConstraintLayoutSupport.swift in Sources */,
				047EFD8C1E9E2C4300A6E642 /* ConstraintMakerRelatable.swift in Sources */,
				047EFD961E9E2C4300A6E642 /* LayoutConstraint.swift in Sources */,
				047EFD7D1E9E2C4300A6E642 /* ConstraintConstantTarget.swift in Sources */,
				047EFD801E9E2C4300A6E642 /* ConstraintInsets.swift in Sources */,
				047EFD811E9E2C4300A6E642 /* ConstraintInsetTarget.swift in Sources */,
				047EFD921E9E2C4300A6E642 /* ConstraintView+Extensions.swift in Sources */,
				047EFD7A1E9E2C4300A6E642 /* Constraint.swift in Sources */,
				047EFD981E9E2C4300A6E642 /* UILayoutSupport+Extensions.swift in Sources */,
				047EFD8F1E9E2C4300A6E642 /* ConstraintPriorityTarget.swift in Sources */,
				047EFD481E9DCB0800A6E642 /* KYCameraViewController.swift in Sources */,
				047EFD8B1E9E2C4300A6E642 /* ConstraintMakerPriortizable.swift in Sources */,
				047EFD931E9E2C4300A6E642 /* ConstraintView.swift in Sources */,
				047EFD7F1E9E2C4300A6E642 /* ConstraintDSL.swift in Sources */,
				047EFD971E9E2C4300A6E642 /* UILayoutGuide+Extensions.swift in Sources */,
				047EFD891E9E2C4300A6E642 /* ConstraintMakerExtendable.swift in Sources */,
				047EFD821E9E2C4300A6E642 /* ConstraintItem.swift in Sources */,
				047EFD8D1E9E2C4300A6E642 /* ConstraintMultiplierTarget.swift in Sources */,
			);
			runOnlyForDeploymentPostprocessing = 0;
		};
		0431794C1E9C84DF003BA585 /* Sources */ = {
			isa = PBXSourcesBuildPhase;
			buildActionMask = 2147483647;
			files = (
				043179551E9C84DF003BA585 /* KYCameraTests.swift in Sources */,
			);
			runOnlyForDeploymentPostprocessing = 0;
		};
		043179571E9C84DF003BA585 /* Sources */ = {
			isa = PBXSourcesBuildPhase;
			buildActionMask = 2147483647;
			files = (
				043179601E9C84DF003BA585 /* KYCameraUITests.swift in Sources */,
			);
			runOnlyForDeploymentPostprocessing = 0;
		};
/* End PBXSourcesBuildPhase section */

/* Begin PBXTargetDependency section */
		043179521E9C84DF003BA585 /* PBXTargetDependency */ = {
			isa = PBXTargetDependency;
			target = 0431793B1E9C84DF003BA585 /* KYCamera */;
			targetProxy = 043179511E9C84DF003BA585 /* PBXContainerItemProxy */;
		};
		0431795D1E9C84DF003BA585 /* PBXTargetDependency */ = {
			isa = PBXTargetDependency;
			target = 0431793B1E9C84DF003BA585 /* KYCamera */;
			targetProxy = 0431795C1E9C84DF003BA585 /* PBXContainerItemProxy */;
		};
/* End PBXTargetDependency section */

/* Begin PBXVariantGroup section */
		043179431E9C84DF003BA585 /* Main.storyboard */ = {
			isa = PBXVariantGroup;
			children = (
				043179441E9C84DF003BA585 /* Base */,
			);
			name = Main.storyboard;
			sourceTree = "<group>";
		};
/* End PBXVariantGroup section */

/* Begin XCBuildConfiguration section */
		043179621E9C84DF003BA585 /* Debug */ = {
			isa = XCBuildConfiguration;
			buildSettings = {
				ALWAYS_SEARCH_USER_PATHS = NO;
				CLANG_ANALYZER_NONNULL = YES;
				CLANG_CXX_LANGUAGE_STANDARD = "gnu++0x";
				CLANG_CXX_LIBRARY = "libc++";
				CLANG_ENABLE_MODULES = YES;
				CLANG_ENABLE_OBJC_ARC = YES;
				CLANG_WARN_BOOL_CONVERSION = YES;
				CLANG_WARN_CONSTANT_CONVERSION = YES;
				CLANG_WARN_DIRECT_OBJC_ISA_USAGE = YES_ERROR;
				CLANG_WARN_DOCUMENTATION_COMMENTS = YES;
				CLANG_WARN_EMPTY_BODY = YES;
				CLANG_WARN_ENUM_CONVERSION = YES;
				CLANG_WARN_INFINITE_RECURSION = YES;
				CLANG_WARN_INT_CONVERSION = YES;
				CLANG_WARN_OBJC_ROOT_CLASS = YES_ERROR;
				CLANG_WARN_SUSPICIOUS_MOVE = YES;
				CLANG_WARN_UNREACHABLE_CODE = YES;
				CLANG_WARN__DUPLICATE_METHOD_MATCH = YES;
				"CODE_SIGN_IDENTITY[sdk=iphoneos*]" = "iPhone Developer";
				COPY_PHASE_STRIP = NO;
				DEBUG_INFORMATION_FORMAT = dwarf;
				ENABLE_STRICT_OBJC_MSGSEND = YES;
				ENABLE_TESTABILITY = YES;
				GCC_C_LANGUAGE_STANDARD = gnu99;
				GCC_DYNAMIC_NO_PIC = NO;
				GCC_NO_COMMON_BLOCKS = YES;
				GCC_OPTIMIZATION_LEVEL = 0;
				GCC_PREPROCESSOR_DEFINITIONS = (
					"DEBUG=1",
					"$(inherited)",
				);
				GCC_WARN_64_TO_32_BIT_CONVERSION = YES;
				GCC_WARN_ABOUT_RETURN_TYPE = YES_ERROR;
				GCC_WARN_UNDECLARED_SELECTOR = YES;
				GCC_WARN_UNINITIALIZED_AUTOS = YES_AGGRESSIVE;
				GCC_WARN_UNUSED_FUNCTION = YES;
				GCC_WARN_UNUSED_VARIABLE = YES;
				IPHONEOS_DEPLOYMENT_TARGET = 10.2;
				MTL_ENABLE_DEBUG_INFO = YES;
				ONLY_ACTIVE_ARCH = YES;
				SDKROOT = iphoneos;
				SWIFT_ACTIVE_COMPILATION_CONDITIONS = DEBUG;
				SWIFT_OPTIMIZATION_LEVEL = "-Onone";
			};
			name = Debug;
		};
		043179631E9C84DF003BA585 /* Release */ = {
			isa = XCBuildConfiguration;
			buildSettings = {
				ALWAYS_SEARCH_USER_PATHS = NO;
				CLANG_ANALYZER_NONNULL = YES;
				CLANG_CXX_LANGUAGE_STANDARD = "gnu++0x";
				CLANG_CXX_LIBRARY = "libc++";
				CLANG_ENABLE_MODULES = YES;
				CLANG_ENABLE_OBJC_ARC = YES;
				CLANG_WARN_BOOL_CONVERSION = YES;
				CLANG_WARN_CONSTANT_CONVERSION = YES;
				CLANG_WARN_DIRECT_OBJC_ISA_USAGE = YES_ERROR;
				CLANG_WARN_DOCUMENTATION_COMMENTS = YES;
				CLANG_WARN_EMPTY_BODY = YES;
				CLANG_WARN_ENUM_CONVERSION = YES;
				CLANG_WARN_INFINITE_RECURSION = YES;
				CLANG_WARN_INT_CONVERSION = YES;
				CLANG_WARN_OBJC_ROOT_CLASS = YES_ERROR;
				CLANG_WARN_SUSPICIOUS_MOVE = YES;
				CLANG_WARN_UNREACHABLE_CODE = YES;
				CLANG_WARN__DUPLICATE_METHOD_MATCH = YES;
				"CODE_SIGN_IDENTITY[sdk=iphoneos*]" = "iPhone Developer";
				COPY_PHASE_STRIP = NO;
				DEBUG_INFORMATION_FORMAT = "dwarf-with-dsym";
				ENABLE_NS_ASSERTIONS = NO;
				ENABLE_STRICT_OBJC_MSGSEND = YES;
				GCC_C_LANGUAGE_STANDARD = gnu99;
				GCC_NO_COMMON_BLOCKS = YES;
				GCC_WARN_64_TO_32_BIT_CONVERSION = YES;
				GCC_WARN_ABOUT_RETURN_TYPE = YES_ERROR;
				GCC_WARN_UNDECLARED_SELECTOR = YES;
				GCC_WARN_UNINITIALIZED_AUTOS = YES_AGGRESSIVE;
				GCC_WARN_UNUSED_FUNCTION = YES;
				GCC_WARN_UNUSED_VARIABLE = YES;
				IPHONEOS_DEPLOYMENT_TARGET = 10.2;
				MTL_ENABLE_DEBUG_INFO = NO;
				SDKROOT = iphoneos;
				SWIFT_OPTIMIZATION_LEVEL = "-Owholemodule";
				VALIDATE_PRODUCT = YES;
			};
			name = Release;
		};
		043179651E9C84DF003BA585 /* Debug */ = {
			isa = XCBuildConfiguration;
			buildSettings = {
				ASSETCATALOG_COMPILER_APPICON_NAME = AppIcon;
				DEVELOPMENT_TEAM = 3YR7CL6SMV;
				INFOPLIST_FILE = KYCamera/Info.plist;
				IPHONEOS_DEPLOYMENT_TARGET = 9.0;
				LD_RUNPATH_SEARCH_PATHS = "$(inherited) @executable_path/Frameworks";
				PRODUCT_BUNDLE_IDENTIFIER = kaideyi.com.KYCamera;
				PRODUCT_NAME = "$(TARGET_NAME)";
				SWIFT_VERSION = 3.0;
			};
			name = Debug;
		};
		043179661E9C84DF003BA585 /* Release */ = {
			isa = XCBuildConfiguration;
			buildSettings = {
				ASSETCATALOG_COMPILER_APPICON_NAME = AppIcon;
				DEVELOPMENT_TEAM = 3YR7CL6SMV;
				INFOPLIST_FILE = KYCamera/Info.plist;
				IPHONEOS_DEPLOYMENT_TARGET = 9.0;
				LD_RUNPATH_SEARCH_PATHS = "$(inherited) @executable_path/Frameworks";
				PRODUCT_BUNDLE_IDENTIFIER = kaideyi.com.KYCamera;
				PRODUCT_NAME = "$(TARGET_NAME)";
				SWIFT_VERSION = 3.0;
			};
			name = Release;
		};
		043179681E9C84DF003BA585 /* Debug */ = {
			isa = XCBuildConfiguration;
			buildSettings = {
				ALWAYS_EMBED_SWIFT_STANDARD_LIBRARIES = YES;
				BUNDLE_LOADER = "$(TEST_HOST)";
				DEVELOPMENT_TEAM = 3YR7CL6SMV;
				INFOPLIST_FILE = KYCameraTests/Info.plist;
				LD_RUNPATH_SEARCH_PATHS = "$(inherited) @executable_path/Frameworks @loader_path/Frameworks";
				PRODUCT_BUNDLE_IDENTIFIER = kaideyi.com.KYCameraTests;
				PRODUCT_NAME = "$(TARGET_NAME)";
				SWIFT_VERSION = 3.0;
				TEST_HOST = "$(BUILT_PRODUCTS_DIR)/KYCamera.app/KYCamera";
			};
			name = Debug;
		};
		043179691E9C84DF003BA585 /* Release */ = {
			isa = XCBuildConfiguration;
			buildSettings = {
				ALWAYS_EMBED_SWIFT_STANDARD_LIBRARIES = YES;
				BUNDLE_LOADER = "$(TEST_HOST)";
				DEVELOPMENT_TEAM = 3YR7CL6SMV;
				INFOPLIST_FILE = KYCameraTests/Info.plist;
				LD_RUNPATH_SEARCH_PATHS = "$(inherited) @executable_path/Frameworks @loader_path/Frameworks";
				PRODUCT_BUNDLE_IDENTIFIER = kaideyi.com.KYCameraTests;
				PRODUCT_NAME = "$(TARGET_NAME)";
				SWIFT_VERSION = 3.0;
				TEST_HOST = "$(BUILT_PRODUCTS_DIR)/KYCamera.app/KYCamera";
			};
			name = Release;
		};
		0431796B1E9C84DF003BA585 /* Debug */ = {
			isa = XCBuildConfiguration;
			buildSettings = {
				ALWAYS_EMBED_SWIFT_STANDARD_LIBRARIES = YES;
				DEVELOPMENT_TEAM = 3YR7CL6SMV;
				INFOPLIST_FILE = KYCameraUITests/Info.plist;
				LD_RUNPATH_SEARCH_PATHS = "$(inherited) @executable_path/Frameworks @loader_path/Frameworks";
				PRODUCT_BUNDLE_IDENTIFIER = kaideyi.com.KYCameraUITests;
				PRODUCT_NAME = "$(TARGET_NAME)";
				SWIFT_VERSION = 3.0;
				TEST_TARGET_NAME = KYCamera;
			};
			name = Debug;
		};
		0431796C1E9C84DF003BA585 /* Release */ = {
			isa = XCBuildConfiguration;
			buildSettings = {
				ALWAYS_EMBED_SWIFT_STANDARD_LIBRARIES = YES;
				DEVELOPMENT_TEAM = 3YR7CL6SMV;
				INFOPLIST_FILE = KYCameraUITests/Info.plist;
				LD_RUNPATH_SEARCH_PATHS = "$(inherited) @executable_path/Frameworks @loader_path/Frameworks";
				PRODUCT_BUNDLE_IDENTIFIER = kaideyi.com.KYCameraUITests;
				PRODUCT_NAME = "$(TARGET_NAME)";
				SWIFT_VERSION = 3.0;
				TEST_TARGET_NAME = KYCamera;
			};
			name = Release;
		};
/* End XCBuildConfiguration section */

/* Begin XCConfigurationList section */
		043179371E9C84DF003BA585 /* Build configuration list for PBXProject "KYCamera" */ = {
			isa = XCConfigurationList;
			buildConfigurations = (
				043179621E9C84DF003BA585 /* Debug */,
				043179631E9C84DF003BA585 /* Release */,
			);
			defaultConfigurationIsVisible = 0;
			defaultConfigurationName = Release;
		};
		043179641E9C84DF003BA585 /* Build configuration list for PBXNativeTarget "KYCamera" */ = {
			isa = XCConfigurationList;
			buildConfigurations = (
				043179651E9C84DF003BA585 /* Debug */,
				043179661E9C84DF003BA585 /* Release */,
			);
			defaultConfigurationIsVisible = 0;
			defaultConfigurationName = Release;
		};
		043179671E9C84DF003BA585 /* Build configuration list for PBXNativeTarget "KYCameraTests" */ = {
			isa = XCConfigurationList;
			buildConfigurations = (
				043179681E9C84DF003BA585 /* Debug */,
				043179691E9C84DF003BA585 /* Release */,
			);
			defaultConfigurationIsVisible = 0;
			defaultConfigurationName = Release;
		};
		0431796A1E9C84DF003BA585 /* Build configuration list for PBXNativeTarget "KYCameraUITests" */ = {
			isa = XCConfigurationList;
			buildConfigurations = (
				0431796B1E9C84DF003BA585 /* Debug */,
				0431796C1E9C84DF003BA585 /* Release */,
			);
			defaultConfigurationIsVisible = 0;
			defaultConfigurationName = Release;
		};
/* End XCConfigurationList section */
	};
	rootObject = 043179341E9C84DF003BA585 /* Project object */;
}
