// !$*UTF8*$!
{
	archiveVersion = 1;
	classes = {
	};
	objectVersion = 46;
	objects = {

/* Begin PBXBuildFile section */
		181F25311E7BDEE5003117CB /* AppDelegate.swift in Sources */ = {isa = PBXBuildFile; fileRef = 181F25301E7BDEE5003117CB /* AppDelegate.swift */; };
		181F25331E7BDEE5003117CB /* ViewController.swift in Sources */ = {isa = PBXBuildFile; fileRef = 181F25321E7BDEE5003117CB /* ViewController.swift */; };
		181F25361E7BDEE5003117CB /* Main.storyboard in Resources */ = {isa = PBXBuildFile; fileRef = 181F25341E7BDEE5003117CB /* Main.storyboard */; };
		181F25381E7BDEE5003117CB /* Assets.xcassets in Resources */ = {isa = PBXBuildFile; fileRef = 181F25371E7BDEE5003117CB /* Assets.xcassets */; };
		181F25461E7BDEE5003117CB /* AlgorithmTests.swift in Sources */ = {isa = PBXBuildFile; fileRef = 181F25451E7BDEE5003117CB /* AlgorithmTests.swift */; };
		181F25511E7BDEE5003117CB /* AlgorithmUITests.swift in Sources */ = {isa = PBXBuildFile; fileRef = 181F25501E7BDEE5003117CB /* AlgorithmUITests.swift */; };
		181F255F1E7BDF2D003117CB /* Launch Screen.storyboard in Resources */ = {isa = PBXBuildFile; fileRef = 181F255E1E7BDF2D003117CB /* Launch Screen.storyboard */; };
/* End PBXBuildFile section */

/* Begin PBXContainerItemProxy section */
		181F25421E7BDEE5003117CB /* PBXContainerItemProxy */ = {
			isa = PBXContainerItemProxy;
			containerPortal = 181F25251E7BDEE5003117CB /* Project object */;
			proxyType = 1;
			remoteGlobalIDString = 181F252C1E7BDEE5003117CB;
			remoteInfo = Algorithm;
		};
		181F254D1E7BDEE5003117CB /* PBXContainerItemProxy */ = {
			isa = PBXContainerItemProxy;
			containerPortal = 181F25251E7BDEE5003117CB /* Project object */;
			proxyType = 1;
			remoteGlobalIDString = 181F252C1E7BDEE5003117CB;
			remoteInfo = Algorithm;
		};
/* End PBXContainerItemProxy section */

/* Begin PBXFileReference section */
		181F252D1E7BDEE5003117CB /* Algorithm.app */ = {isa = PBXFileReference; explicitFileType = wrapper.application; includeInIndex = 0; path = Algorithm.app; sourceTree = BUILT_PRODUCTS_DIR; };
		181F25301E7BDEE5003117CB /* AppDelegate.swift */ = {isa = PBXFileReference; lastKnownFileType = sourcecode.swift; path = AppDelegate.swift; sourceTree = "<group>"; };
		181F25321E7BDEE5003117CB /* ViewController.swift */ = {isa = PBXFileReference; lastKnownFileType = sourcecode.swift; path = ViewController.swift; sourceTree = "<group>"; };
		181F25351E7BDEE5003117CB /* Base */ = {isa = PBXFileReference; lastKnownFileType = file.storyboard; name = Base; path = Base.lproj/Main.storyboard; sourceTree = "<group>"; };
		181F25371E7BDEE5003117CB /* Assets.xcassets */ = {isa = PBXFileReference; lastKnownFileType = folder.assetcatalog; path = Assets.xcassets; sourceTree = "<group>"; };
		181F253C1E7BDEE5003117CB /* Info.plist */ = {isa = PBXFileReference; lastKnownFileType = text.plist.xml; path = Info.plist; sourceTree = "<group>"; };
		181F25411E7BDEE5003117CB /* AlgorithmTests.xctest */ = {isa = PBXFileReference; explicitFileType = wrapper.cfbundle; includeInIndex = 0; path = AlgorithmTests.xctest; sourceTree = BUILT_PRODUCTS_DIR; };
		181F25451E7BDEE5003117CB /* AlgorithmTests.swift */ = {isa = PBXFileReference; lastKnownFileType = sourcecode.swift; path = AlgorithmTests.swift; sourceTree = "<group>"; };
		181F25471E7BDEE5003117CB /* Info.plist */ = {isa = PBXFileReference; lastKnownFileType = text.plist.xml; path = Info.plist; sourceTree = "<group>"; };
		181F254C1E7BDEE5003117CB /* AlgorithmUITests.xctest */ = {isa = PBXFileReference; explicitFileType = wrapper.cfbundle; includeInIndex = 0; path = AlgorithmUITests.xctest; sourceTree = BUILT_PRODUCTS_DIR; };
		181F25501E7BDEE5003117CB /* AlgorithmUITests.swift */ = {isa = PBXFileReference; lastKnownFileType = sourcecode.swift; path = AlgorithmUITests.swift; sourceTree = "<group>"; };
		181F25521E7BDEE5003117CB /* Info.plist */ = {isa = PBXFileReference; lastKnownFileType = text.plist.xml; path = Info.plist; sourceTree = "<group>"; };
		181F255E1E7BDF2D003117CB /* Launch Screen.storyboard */ = {isa = PBXFileReference; fileEncoding = 4; lastKnownFileType = file.storyboard; path = "Launch Screen.storyboard"; sourceTree = "<group>"; };
/* End PBXFileReference section */

/* Begin PBXFrameworksBuildPhase section */
		181F252A1E7BDEE5003117CB /* Frameworks */ = {
			isa = PBXFrameworksBuildPhase;
			buildActionMask = 2147483647;
			files = (
			);
			runOnlyForDeploymentPostprocessing = 0;
		};
		181F253E1E7BDEE5003117CB /* Frameworks */ = {
			isa = PBXFrameworksBuildPhase;
			buildActionMask = 2147483647;
			files = (
			);
			runOnlyForDeploymentPostprocessing = 0;
		};
		181F25491E7BDEE5003117CB /* Frameworks */ = {
			isa = PBXFrameworksBuildPhase;
			buildActionMask = 2147483647;
			files = (
			);
			runOnlyForDeploymentPostprocessing = 0;
		};
/* End PBXFrameworksBuildPhase section */

/* Begin PBXGroup section */
		181F25241E7BDEE5003117CB = {
			isa = PBXGroup;
			children = (
				181F252F1E7BDEE5003117CB /* Algorithm */,
				181F25441E7BDEE5003117CB /* AlgorithmTests */,
				181F254F1E7BDEE5003117CB /* AlgorithmUITests */,
				181F252E1E7BDEE5003117CB /* Products */,
			);
			sourceTree = "<group>";
		};
		181F252E1E7BDEE5003117CB /* Products */ = {
			isa = PBXGroup;
			children = (
				181F252D1E7BDEE5003117CB /* Algorithm.app */,
				181F25411E7BDEE5003117CB /* AlgorithmTests.xctest */,
				181F254C1E7BDEE5003117CB /* AlgorithmUITests.xctest */,
			);
			name = Products;
			sourceTree = "<group>";
		};
		181F252F1E7BDEE5003117CB /* Algorithm */ = {
			isa = PBXGroup;
			children = (
				181F25301E7BDEE5003117CB /* AppDelegate.swift */,
				181F25321E7BDEE5003117CB /* ViewController.swift */,
				181F25341E7BDEE5003117CB /* Main.storyboard */,
				181F255E1E7BDF2D003117CB /* Launch Screen.storyboard */,
				181F25371E7BDEE5003117CB /* Assets.xcassets */,
				181F253C1E7BDEE5003117CB /* Info.plist */,
			);
			path = Algorithm;
			sourceTree = "<group>";
		};
		181F25441E7BDEE5003117CB /* AlgorithmTests */ = {
			isa = PBXGroup;
			children = (
				181F25451E7BDEE5003117CB /* AlgorithmTests.swift */,
				181F25471E7BDEE5003117CB /* Info.plist */,
			);
			path = AlgorithmTests;
			sourceTree = "<group>";
		};
		181F254F1E7BDEE5003117CB /* AlgorithmUITests */ = {
			isa = PBXGroup;
			children = (
				181F25501E7BDEE5003117CB /* AlgorithmUITests.swift */,
				181F25521E7BDEE5003117CB /* Info.plist */,
			);
			path = AlgorithmUITests;
			sourceTree = "<group>";
		};
/* End PBXGroup section */

/* Begin PBXNativeTarget section */
		181F252C1E7BDEE5003117CB /* Algorithm */ = {
			isa = PBXNativeTarget;
			buildConfigurationList = 181F25551E7BDEE5003117CB /* Build configuration list for PBXNativeTarget "Algorithm" */;
			buildPhases = (
				181F25291E7BDEE5003117CB /* Sources */,
				181F252A1E7BDEE5003117CB /* Frameworks */,
				181F252B1E7BDEE5003117CB /* Resources */,
			);
			buildRules = (
			);
			dependencies = (
			);
			name = Algorithm;
			productName = Algorithm;
			productReference = 181F252D1E7BDEE5003117CB /* Algorithm.app */;
			productType = "com.apple.product-type.application";
		};
		181F25401E7BDEE5003117CB /* AlgorithmTests */ = {
			isa = PBXNativeTarget;
			buildConfigurationList = 181F25581E7BDEE5003117CB /* Build configuration list for PBXNativeTarget "AlgorithmTests" */;
			buildPhases = (
				181F253D1E7BDEE5003117CB /* Sources */,
				181F253E1E7BDEE5003117CB /* Frameworks */,
				181F253F1E7BDEE5003117CB /* Resources */,
			);
			buildRules = (
			);
			dependencies = (
				181F25431E7BDEE5003117CB /* PBXTargetDependency */,
			);
			name = AlgorithmTests;
			productName = AlgorithmTests;
			productReference = 181F25411E7BDEE5003117CB /* AlgorithmTests.xctest */;
			productType = "com.apple.product-type.bundle.unit-test";
		};
		181F254B1E7BDEE5003117CB /* AlgorithmUITests */ = {
			isa = PBXNativeTarget;
			buildConfigurationList = 181F255B1E7BDEE5003117CB /* Build configuration list for PBXNativeTarget "AlgorithmUITests" */;
			buildPhases = (
				181F25481E7BDEE5003117CB /* Sources */,
				181F25491E7BDEE5003117CB /* Frameworks */,
				181F254A1E7BDEE5003117CB /* Resources */,
			);
			buildRules = (
			);
			dependencies = (
				181F254E1E7BDEE5003117CB /* PBXTargetDependency */,
			);
			name = AlgorithmUITests;
			productName = AlgorithmUITests;
			productReference = 181F254C1E7BDEE5003117CB /* AlgorithmUITests.xctest */;
			productType = "com.apple.product-type.bundle.ui-testing";
		};
/* End PBXNativeTarget section */

/* Begin PBXProject section */
		181F25251E7BDEE5003117CB /* Project object */ = {
			isa = PBXProject;
			attributes = {
				LastSwiftUpdateCheck = 0820;
				LastUpgradeCheck = 0820;
				ORGANIZATIONNAME = kaideyi.com;
				TargetAttributes = {
					181F252C1E7BDEE5003117CB = {
						CreatedOnToolsVersion = 8.2.1;
						DevelopmentTeam = VXQWC7SN3H;
						ProvisioningStyle = Automatic;
					};
					181F25401E7BDEE5003117CB = {
						CreatedOnToolsVersion = 8.2.1;
						DevelopmentTeam = 36D935N6NX;
						ProvisioningStyle = Automatic;
						TestTargetID = 181F252C1E7BDEE5003117CB;
					};
					181F254B1E7BDEE5003117CB = {
						CreatedOnToolsVersion = 8.2.1;
						DevelopmentTeam = 36D935N6NX;
						ProvisioningStyle = Automatic;
						TestTargetID = 181F252C1E7BDEE5003117CB;
					};
				};
			};
			buildConfigurationList = 181F25281E7BDEE5003117CB /* Build configuration list for PBXProject "Algorithm" */;
			compatibilityVersion = "Xcode 3.2";
			developmentRegion = English;
			hasScannedForEncodings = 0;
			knownRegions = (
				en,
				Base,
			);
			mainGroup = 181F25241E7BDEE5003117CB;
			productRefGroup = 181F252E1E7BDEE5003117CB /* Products */;
			projectDirPath = "";
			projectRoot = "";
			targets = (
				181F252C1E7BDEE5003117CB /* Algorithm */,
				181F25401E7BDEE5003117CB /* AlgorithmTests */,
				181F254B1E7BDEE5003117CB /* AlgorithmUITests */,
			);
		};
/* End PBXProject section */

/* Begin PBXResourcesBuildPhase section */
		181F252B1E7BDEE5003117CB /* Resources */ = {
			isa = PBXResourcesBuildPhase;
			buildActionMask = 2147483647;
			files = (
				181F255F1E7BDF2D003117CB /* Launch Screen.storyboard in Resources */,
				181F25381E7BDEE5003117CB /* Assets.xcassets in Resources */,
				181F25361E7BDEE5003117CB /* Main.storyboard in Resources */,
			);
			runOnlyForDeploymentPostprocessing = 0;
		};
		181F253F1E7BDEE5003117CB /* Resources */ = {
			isa = PBXResourcesBuildPhase;
			buildActionMask = 2147483647;
			files = (
			);
			runOnlyForDeploymentPostprocessing = 0;
		};
		181F254A1E7BDEE5003117CB /* Resources */ = {
			isa = PBXResourcesBuildPhase;
			buildActionMask = 2147483647;
			files = (
			);
			runOnlyForDeploymentPostprocessing = 0;
		};
/* End PBXResourcesBuildPhase section */

/* Begin PBXSourcesBuildPhase section */
		181F25291E7BDEE5003117CB /* Sources */ = {
			isa = PBXSourcesBuildPhase;
			buildActionMask = 2147483647;
			files = (
				181F25331E7BDEE5003117CB /* ViewController.swift in Sources */,
				181F25311E7BDEE5003117CB /* AppDelegate.swift in Sources */,
			);
			runOnlyForDeploymentPostprocessing = 0;
		};
		181F253D1E7BDEE5003117CB /* Sources */ = {
			isa = PBXSourcesBuildPhase;
			buildActionMask = 2147483647;
			files = (
				181F25461E7BDEE5003117CB /* AlgorithmTests.swift in Sources */,
			);
			runOnlyForDeploymentPostprocessing = 0;
		};
		181F25481E7BDEE5003117CB /* Sources */ = {
			isa = PBXSourcesBuildPhase;
			buildActionMask = 2147483647;
			files = (
				181F25511E7BDEE5003117CB /* AlgorithmUITests.swift in Sources */,
			);
			runOnlyForDeploymentPostprocessing = 0;
		};
/* End PBXSourcesBuildPhase section */

/* Begin PBXTargetDependency section */
		181F25431E7BDEE5003117CB /* PBXTargetDependency */ = {
			isa = PBXTargetDependency;
			target = 181F252C1E7BDEE5003117CB /* Algorithm */;
			targetProxy = 181F25421E7BDEE5003117CB /* PBXContainerItemProxy */;
		};
		181F254E1E7BDEE5003117CB /* PBXTargetDependency */ = {
			isa = PBXTargetDependency;
			target = 181F252C1E7BDEE5003117CB /* Algorithm */;
			targetProxy = 181F254D1E7BDEE5003117CB /* PBXContainerItemProxy */;
		};
/* End PBXTargetDependency section */

/* Begin PBXVariantGroup section */
		181F25341E7BDEE5003117CB /* Main.storyboard */ = {
			isa = PBXVariantGroup;
			children = (
				181F25351E7BDEE5003117CB /* Base */,
			);
			name = Main.storyboard;
			sourceTree = "<group>";
		};
/* End PBXVariantGroup section */

/* Begin XCBuildConfiguration section */
		181F25531E7BDEE5003117CB /* Debug */ = {
			isa = XCBuildConfiguration;
			buildSettings = {
				ALWAYS_SEARCH_USER_PATHS = NO;
				CLANG_ANALYZER_NONNULL = YES;
				CLANG_CXX_LANGUAGE_STANDARD = "gnu++0x";
				CLANG_CXX_LIBRARY = "libc++";
				CLANG_ENABLE_MODULES = YES;
				CLANG_ENABLE_OBJC_ARC = YES;
				CLANG_WARN_BOOL_CONVERSION = YES;
				CLANG_WARN_CONSTANT_CONVERSION = YES;
				CLANG_WARN_DIRECT_OBJC_ISA_USAGE = YES_ERROR;
				CLANG_WARN_DOCUMENTATION_COMMENTS = YES;
				CLANG_WARN_EMPTY_BODY = YES;
				CLANG_WARN_ENUM_CONVERSION = YES;
				CLANG_WARN_INFINITE_RECURSION = YES;
				CLANG_WARN_INT_CONVERSION = YES;
				CLANG_WARN_OBJC_ROOT_CLASS = YES_ERROR;
				CLANG_WARN_SUSPICIOUS_MOVE = YES;
				CLANG_WARN_UNREACHABLE_CODE = YES;
				CLANG_WARN__DUPLICATE_METHOD_MATCH = YES;
				"CODE_SIGN_IDENTITY[sdk=iphoneos*]" = "iPhone Developer";
				COPY_PHASE_STRIP = NO;
				DEBUG_INFORMATION_FORMAT = dwarf;
				ENABLE_STRICT_OBJC_MSGSEND = YES;
				ENABLE_TESTABILITY = YES;
				GCC_C_LANGUAGE_STANDARD = gnu99;
				GCC_DYNAMIC_NO_PIC = NO;
				GCC_NO_COMMON_BLOCKS = YES;
				GCC_OPTIMIZATION_LEVEL = 0;
				GCC_PREPROCESSOR_DEFINITIONS = (
					"DEBUG=1",
					"$(inherited)",
				);
				GCC_WARN_64_TO_32_BIT_CONVERSION = YES;
				GCC_WARN_ABOUT_RETURN_TYPE = YES_ERROR;
				GCC_WARN_UNDECLARED_SELECTOR = YES;
				GCC_WARN_UNINITIALIZED_AUTOS = YES_AGGRESSIVE;
				GCC_WARN_UNUSED_FUNCTION = YES;
				GCC_WARN_UNUSED_VARIABLE = YES;
				IPHONEOS_DEPLOYMENT_TARGET = 10.2;
				MTL_ENABLE_DEBUG_INFO = YES;
				ONLY_ACTIVE_ARCH = YES;
				SDKROOT = iphoneos;
				SWIFT_ACTIVE_COMPILATION_CONDITIONS = DEBUG;
				SWIFT_OPTIMIZATION_LEVEL = "-Onone";
				TARGETED_DEVICE_FAMILY = "1,2";
			};
			name = Debug;
		};
		181F25541E7BDEE5003117CB /* Release */ = {
			isa = XCBuildConfiguration;
			buildSettings = {
				ALWAYS_SEARCH_USER_PATHS = NO;
				CLANG_ANALYZER_NONNULL = YES;
				CLANG_CXX_LANGUAGE_STANDARD = "gnu++0x";
				CLANG_CXX_LIBRARY = "libc++";
				CLANG_ENABLE_MODULES = YES;
				CLANG_ENABLE_OBJC_ARC = YES;
				CLANG_WARN_BOOL_CONVERSION = YES;
				CLANG_WARN_CONSTANT_CONVERSION = YES;
				CLANG_WARN_DIRECT_OBJC_ISA_USAGE = YES_ERROR;
				CLANG_WARN_DOCUMENTATION_COMMENTS = YES;
				CLANG_WARN_EMPTY_BODY = YES;
				CLANG_WARN_ENUM_CONVERSION = YES;
				CLANG_WARN_INFINITE_RECURSION = YES;
				CLANG_WARN_INT_CONVERSION = YES;
				CLANG_WARN_OBJC_ROOT_CLASS = YES_ERROR;
				CLANG_WARN_SUSPICIOUS_MOVE = YES;
				CLANG_WARN_UNREACHABLE_CODE = YES;
				CLANG_WARN__DUPLICATE_METHOD_MATCH = YES;
				"CODE_SIGN_IDENTITY[sdk=iphoneos*]" = "iPhone Developer";
				COPY_PHASE_STRIP = NO;
				DEBUG_INFORMATION_FORMAT = "dwarf-with-dsym";
				ENABLE_NS_ASSERTIONS = NO;
				ENABLE_STRICT_OBJC_MSGSEND = YES;
				GCC_C_LANGUAGE_STANDARD = gnu99;
				GCC_NO_COMMON_BLOCKS = YES;
				GCC_WARN_64_TO_32_BIT_CONVERSION = YES;
				GCC_WARN_ABOUT_RETURN_TYPE = YES_ERROR;
				GCC_WARN_UNDECLARED_SELECTOR = YES;
				GCC_WARN_UNINITIALIZED_AUTOS = YES_AGGRESSIVE;
				GCC_WARN_UNUSED_FUNCTION = YES;
				GCC_WARN_UNUSED_VARIABLE = YES;
				IPHONEOS_DEPLOYMENT_TARGET = 10.2;
				MTL_ENABLE_DEBUG_INFO = NO;
				SDKROOT = iphoneos;
				SWIFT_OPTIMIZATION_LEVEL = "-Owholemodule";
				TARGETED_DEVICE_FAMILY = "1,2";
				VALIDATE_PRODUCT = YES;
			};
			name = Release;
		};
		181F25561E7BDEE5003117CB /* Debug */ = {
			isa = XCBuildConfiguration;
			buildSettings = {
				ASSETCATALOG_COMPILER_APPICON_NAME = AppIcon;
				DEVELOPMENT_TEAM = VXQWC7SN3H;
				INFOPLIST_FILE = Algorithm/Info.plist;
				LD_RUNPATH_SEARCH_PATHS = "$(inherited) @executable_path/Frameworks";
				PRODUCT_BUNDLE_IDENTIFIER = kaideyi.com.Algorithm;
				PRODUCT_NAME = "$(TARGET_NAME)";
				SWIFT_VERSION = 3.0;
			};
			name = Debug;
		};
		181F25571E7BDEE5003117CB /* Release */ = {
			isa = XCBuildConfiguration;
			buildSettings = {
				ASSETCATALOG_COMPILER_APPICON_NAME = AppIcon;
				DEVELOPMENT_TEAM = VXQWC7SN3H;
				INFOPLIST_FILE = Algorithm/Info.plist;
				LD_RUNPATH_SEARCH_PATHS = "$(inherited) @executable_path/Frameworks";
				PRODUCT_BUNDLE_IDENTIFIER = kaideyi.com.Algorithm;
				PRODUCT_NAME = "$(TARGET_NAME)";
				SWIFT_VERSION = 3.0;
			};
			name = Release;
		};
		181F25591E7BDEE5003117CB /* Debug */ = {
			isa = XCBuildConfiguration;
			buildSettings = {
				ALWAYS_EMBED_SWIFT_STANDARD_LIBRARIES = YES;
				BUNDLE_LOADER = "$(TEST_HOST)";
				DEVELOPMENT_TEAM = 36D935N6NX;
				INFOPLIST_FILE = AlgorithmTests/Info.plist;
				LD_RUNPATH_SEARCH_PATHS = "$(inherited) @executable_path/Frameworks @loader_path/Frameworks";
				PRODUCT_BUNDLE_IDENTIFIER = kaideyi.com.AlgorithmTests;
				PRODUCT_NAME = "$(TARGET_NAME)";
				SWIFT_VERSION = 3.0;
				TEST_HOST = "$(BUILT_PRODUCTS_DIR)/Algorithm.app/Algorithm";
			};
			name = Debug;
		};
		181F255A1E7BDEE5003117CB /* Release */ = {
			isa = XCBuildConfiguration;
			buildSettings = {
				ALWAYS_EMBED_SWIFT_STANDARD_LIBRARIES = YES;
				BUNDLE_LOADER = "$(TEST_HOST)";
				DEVELOPMENT_TEAM = 36D935N6NX;
				INFOPLIST_FILE = AlgorithmTests/Info.plist;
				LD_RUNPATH_SEARCH_PATHS = "$(inherited) @executable_path/Frameworks @loader_path/Frameworks";
				PRODUCT_BUNDLE_IDENTIFIER = kaideyi.com.AlgorithmTests;
				PRODUCT_NAME = "$(TARGET_NAME)";
				SWIFT_VERSION = 3.0;
				TEST_HOST = "$(BUILT_PRODUCTS_DIR)/Algorithm.app/Algorithm";
			};
			name = Release;
		};
		181F255C1E7BDEE5003117CB /* Debug */ = {
			isa = XCBuildConfiguration;
			buildSettings = {
				ALWAYS_EMBED_SWIFT_STANDARD_LIBRARIES = YES;
				DEVELOPMENT_TEAM = 36D935N6NX;
				INFOPLIST_FILE = AlgorithmUITests/Info.plist;
				LD_RUNPATH_SEARCH_PATHS = "$(inherited) @executable_path/Frameworks @loader_path/Frameworks";
				PRODUCT_BUNDLE_IDENTIFIER = kaideyi.com.AlgorithmUITests;
				PRODUCT_NAME = "$(TARGET_NAME)";
				SWIFT_VERSION = 3.0;
				TEST_TARGET_NAME = Algorithm;
			};
			name = Debug;
		};
		181F255D1E7BDEE5003117CB /* Release */ = {
			isa = XCBuildConfiguration;
			buildSettings = {
				ALWAYS_EMBED_SWIFT_STANDARD_LIBRARIES = YES;
				DEVELOPMENT_TEAM = 36D935N6NX;
				INFOPLIST_FILE = AlgorithmUITests/Info.plist;
				LD_RUNPATH_SEARCH_PATHS = "$(inherited) @executable_path/Frameworks @loader_path/Frameworks";
				PRODUCT_BUNDLE_IDENTIFIER = kaideyi.com.AlgorithmUITests;
				PRODUCT_NAME = "$(TARGET_NAME)";
				SWIFT_VERSION = 3.0;
				TEST_TARGET_NAME = Algorithm;
			};
			name = Release;
		};
/* End XCBuildConfiguration section */

/* Begin XCConfigurationList section */
		181F25281E7BDEE5003117CB /* Build configuration list for PBXProject "Algorithm" */ = {
			isa = XCConfigurationList;
			buildConfigurations = (
				181F25531E7BDEE5003117CB /* Debug */,
				181F25541E7BDEE5003117CB /* Release */,
			);
			defaultConfigurationIsVisible = 0;
			defaultConfigurationName = Release;
		};
		181F25551E7BDEE5003117CB /* Build configuration list for PBXNativeTarget "Algorithm" */ = {
			isa = XCConfigurationList;
			buildConfigurations = (
				181F25561E7BDEE5003117CB /* Debug */,
				181F25571E7BDEE5003117CB /* Release */,
			);
			defaultConfigurationIsVisible = 0;
			defaultConfigurationName = Release;
		};
		181F25581E7BDEE5003117CB /* Build configuration list for PBXNativeTarget "AlgorithmTests" */ = {
			isa = XCConfigurationList;
			buildConfigurations = (
				181F25591E7BDEE5003117CB /* Debug */,
				181F255A1E7BDEE5003117CB /* Release */,
			);
			defaultConfigurationIsVisible = 0;
			defaultConfigurationName = Release;
		};
		181F255B1E7BDEE5003117CB /* Build configuration list for PBXNativeTarget "AlgorithmUITests" */ = {
			isa = XCConfigurationList;
			buildConfigurations = (
				181F255C1E7BDEE5003117CB /* Debug */,
				181F255D1E7BDEE5003117CB /* Release */,
			);
			defaultConfigurationIsVisible = 0;
			defaultConfigurationName = Release;
		};
/* End XCConfigurationList section */
	};
	rootObject = 181F25251E7BDEE5003117CB /* Project object */;
}
